// !$*UTF8*$!
{
	archiveVersion = 1;
	classes = {
	};
	objectVersion = 46;
	objects = {

/* Begin PBXBuildFile section */
		970B78DC182010EE00C8E3C6 /* Util_UI.m in Sources */ = {isa = PBXBuildFile; fileRef = 970B78DB182010EE00C8E3C6 /* Util_UI.m */; };
		97192EE71818FEF7007971BA /* PhotoButton.m in Sources */ = {isa = PBXBuildFile; fileRef = 97192EE61818FEF7007971BA /* PhotoButton.m */; };
		972C101A1814D4FF00552C9B /* TencentOpenAPI.framework in Frameworks */ = {isa = PBXBuildFile; fileRef = 972C10191814D4FF00552C9B /* TencentOpenAPI.framework */; };
		972C10291814FCD300552C9B /* HomeViewController.m in Sources */ = {isa = PBXBuildFile; fileRef = 972C10281814FCD300552C9B /* HomeViewController.m */; };
		972C102C1814FD4500552C9B /* AnjukeHomeViewController.m in Sources */ = {isa = PBXBuildFile; fileRef = 972C102B1814FD4500552C9B /* AnjukeHomeViewController.m */; };
		972C102F1814FD5900552C9B /* HaozuHomeViewController.m in Sources */ = {isa = PBXBuildFile; fileRef = 972C102E1814FD5900552C9B /* HaozuHomeViewController.m */; };
		972C10321814FDC400552C9B /* MoreViewController.m in Sources */ = {isa = PBXBuildFile; fileRef = 972C10311814FDC400552C9B /* MoreViewController.m */; };
		972C10391815351900552C9B /* AnjukeEditPropertyViewController.m in Sources */ = {isa = PBXBuildFile; fileRef = 972C10381815351900552C9B /* AnjukeEditPropertyViewController.m */; };
		972DDA2A1826A4CA00263F8F /* RTNavigationController.m in Sources */ = {isa = PBXBuildFile; fileRef = 972DDA291826A4CA00263F8F /* RTNavigationController.m */; };
		972DDA301826D39500263F8F /* RTPopoverTableViewController.m in Sources */ = {isa = PBXBuildFile; fileRef = 972DDA2F1826D39500263F8F /* RTPopoverTableViewController.m */; };
		97410553180CDFE0004DAE95 /* Foundation.framework in Frameworks */ = {isa = PBXBuildFile; fileRef = 97410552180CDFE0004DAE95 /* Foundation.framework */; };
		97410555180CDFE0004DAE95 /* CoreGraphics.framework in Frameworks */ = {isa = PBXBuildFile; fileRef = 97410554180CDFE0004DAE95 /* CoreGraphics.framework */; };
		97410557180CDFE0004DAE95 /* UIKit.framework in Frameworks */ = {isa = PBXBuildFile; fileRef = 97410556180CDFE0004DAE95 /* UIKit.framework */; };
		97410559180CDFE0004DAE95 /* CoreData.framework in Frameworks */ = {isa = PBXBuildFile; fileRef = 97410558180CDFE0004DAE95 /* CoreData.framework */; };
		9741055F180CDFE0004DAE95 /* InfoPlist.strings in Resources */ = {isa = PBXBuildFile; fileRef = 9741055D180CDFE0004DAE95 /* InfoPlist.strings */; };
		97410561180CDFE0004DAE95 /* main.m in Sources */ = {isa = PBXBuildFile; fileRef = 97410560180CDFE0004DAE95 /* main.m */; };
		97410565180CDFE0004DAE95 /* AppDelegate.m in Sources */ = {isa = PBXBuildFile; fileRef = 97410564180CDFE0004DAE95 /* AppDelegate.m */; };
		97410568180CDFE0004DAE95 /* AnjukeBroker_New.xcdatamodeld in Sources */ = {isa = PBXBuildFile; fileRef = 97410566180CDFE0004DAE95 /* AnjukeBroker_New.xcdatamodeld */; };
		9741056A180CDFE0004DAE95 /* Images.xcassets in Resources */ = {isa = PBXBuildFile; fileRef = 97410569180CDFE0004DAE95 /* Images.xcassets */; };
		97410571180CDFE1004DAE95 /* XCTest.framework in Frameworks */ = {isa = PBXBuildFile; fileRef = 97410570180CDFE1004DAE95 /* XCTest.framework */; };
		97410572180CDFE1004DAE95 /* Foundation.framework in Frameworks */ = {isa = PBXBuildFile; fileRef = 97410552180CDFE0004DAE95 /* Foundation.framework */; };
		97410573180CDFE1004DAE95 /* UIKit.framework in Frameworks */ = {isa = PBXBuildFile; fileRef = 97410556180CDFE0004DAE95 /* UIKit.framework */; };
		97410574180CDFE1004DAE95 /* CoreData.framework in Frameworks */ = {isa = PBXBuildFile; fileRef = 97410558180CDFE0004DAE95 /* CoreData.framework */; };
		9741057C180CDFE1004DAE95 /* InfoPlist.strings in Resources */ = {isa = PBXBuildFile; fileRef = 9741057A180CDFE1004DAE95 /* InfoPlist.strings */; };
		9741057E180CDFE1004DAE95 /* AnjukeBroker_NewTests.m in Sources */ = {isa = PBXBuildFile; fileRef = 9741057D180CDFE1004DAE95 /* AnjukeBroker_NewTests.m */; };
		97410589180CE0FC004DAE95 /* RootViewController.m in Sources */ = {isa = PBXBuildFile; fileRef = 97410588180CE0FC004DAE95 /* RootViewController.m */; };
		974E5C7F181E417F000246D1 /* RTListCell.m in Sources */ = {isa = PBXBuildFile; fileRef = 974E5C7E181E417F000246D1 /* RTListCell.m */; };
		974E5C82181E4210000246D1 /* AnjukeEditableCell.m in Sources */ = {isa = PBXBuildFile; fileRef = 974E5C81181E4210000246D1 /* AnjukeEditableCell.m */; };
		974E5C89181E4B00000246D1 /* AnjukeEditableTV_DataSource.m in Sources */ = {isa = PBXBuildFile; fileRef = 974E5C88181E4B00000246D1 /* AnjukeEditableTV_DataSource.m */; };
		974E5C8C181E4D45000246D1 /* AnjukeNormalCell.m in Sources */ = {isa = PBXBuildFile; fileRef = 974E5C8B181E4D45000246D1 /* AnjukeNormalCell.m */; };
		975D9DE1181B69A700A421AF /* KeyboardToolBar.m in Sources */ = {isa = PBXBuildFile; fileRef = 975D9DE0181B69A700A421AF /* KeyboardToolBar.m */; };
		976AC61118278B5C003A2B3A /* LoginViewController.m in Sources */ = {isa = PBXBuildFile; fileRef = 976AC61018278B5C003A2B3A /* LoginViewController.m */; };
		977FCA8F182894F000945FB4 /* CommunityListViewController.m in Sources */ = {isa = PBXBuildFile; fileRef = 977FCA8E182894F000945FB4 /* CommunityListViewController.m */; };
		977FCA9D1828FAD700945FB4 /* LoginManager.m in Sources */ = {isa = PBXBuildFile; fileRef = 977FCA9C1828FAD700945FB4 /* LoginManager.m */; };
		979583581821FF2B005EA48A /* SystemMessageViewController.m in Sources */ = {isa = PBXBuildFile; fileRef = 979583571821FF2B005EA48A /* SystemMessageViewController.m */; };
		9795835D1822014A005EA48A /* SystemMessageCell.m in Sources */ = {isa = PBXBuildFile; fileRef = 9795835C1822014A005EA48A /* SystemMessageCell.m */; };
		97958362182229AF005EA48A /* Util_TEXT.m in Sources */ = {isa = PBXBuildFile; fileRef = 97958361182229AF005EA48A /* Util_TEXT.m */; };
		9795837A18224ABF005EA48A /* TabAnjuke_normal@2x.png in Resources */ = {isa = PBXBuildFile; fileRef = 9795837118224ABF005EA48A /* TabAnjuke_normal@2x.png */; };
		9795837C18224ABF005EA48A /* TabHaozu_normal@2x.png in Resources */ = {isa = PBXBuildFile; fileRef = 9795837318224ABF005EA48A /* TabHaozu_normal@2x.png */; };
		9795837E18224ABF005EA48A /* TabHome_normal@2x.png in Resources */ = {isa = PBXBuildFile; fileRef = 9795837518224ABF005EA48A /* TabHome_normal@2x.png */; };
		9795838418224F35005EA48A /* TabMore_normal@2x.png in Resources */ = {isa = PBXBuildFile; fileRef = 9795838318224F35005EA48A /* TabMore_normal@2x.png */; };
		9795838D18225B93005EA48A /* anjuke_icon05_photo_selected@2x.png in Resources */ = {isa = PBXBuildFile; fileRef = 9795838B18225B93005EA48A /* anjuke_icon05_photo_selected@2x.png */; };
		9795838E18225B93005EA48A /* anjuke_icon05_photo@2x.png in Resources */ = {isa = PBXBuildFile; fileRef = 9795838C18225B93005EA48A /* anjuke_icon05_photo@2x.png */; };
		97A0F0221816227A00C31D83 /* BrokerLineView.m in Sources */ = {isa = PBXBuildFile; fileRef = 97A0F0211816227A00C31D83 /* BrokerLineView.m */; };
		97A0F028181653A600C31D83 /* RTInputPickerView.m in Sources */ = {isa = PBXBuildFile; fileRef = 97A0F027181653A600C31D83 /* RTInputPickerView.m */; };
		97A606811816C2A50041B367 /* InputOrderManager.m in Sources */ = {isa = PBXBuildFile; fileRef = 97A606801816C2A50041B367 /* InputOrderManager.m */; };
		97AED104180D21790072611B /* libRTCoreService.a in Frameworks */ = {isa = PBXBuildFile; fileRef = 97AED0FD180D20110072611B /* libRTCoreService.a */; };
		97AED106180D21BD0072611B /* AdSupport.framework in Frameworks */ = {isa = PBXBuildFile; fileRef = 97AED105180D21BD0072611B /* AdSupport.framework */; };
		97AED108180D21DB0072611B /* libicucore.dylib in Frameworks */ = {isa = PBXBuildFile; fileRef = 97AED107180D21DB0072611B /* libicucore.dylib */; };
		97AED10A180D21F40072611B /* libstdc++.dylib in Frameworks */ = {isa = PBXBuildFile; fileRef = 97AED109180D21F40072611B /* libstdc++.dylib */; };
		97AED10C180D221B0072611B /* Security.framework in Frameworks */ = {isa = PBXBuildFile; fileRef = 97AED10B180D221B0072611B /* Security.framework */; };
		97AED10E180D22AE0072611B /* CoreTelephony.framework in Frameworks */ = {isa = PBXBuildFile; fileRef = 97AED10D180D22AE0072611B /* CoreTelephony.framework */; };
		97AED110180D22E20072611B /* libz.1.2.5.dylib in Frameworks */ = {isa = PBXBuildFile; fileRef = 97AED10F180D22E20072611B /* libz.1.2.5.dylib */; };
		97AED112180D22FE0072611B /* CFNetwork.framework in Frameworks */ = {isa = PBXBuildFile; fileRef = 97AED111180D22FE0072611B /* CFNetwork.framework */; };
		97AED114180D23100072611B /* MobileCoreServices.framework in Frameworks */ = {isa = PBXBuildFile; fileRef = 97AED113180D23100072611B /* MobileCoreServices.framework */; };
		97AED116180D23210072611B /* libsqlite3.0.dylib in Frameworks */ = {isa = PBXBuildFile; fileRef = 97AED115180D23210072611B /* libsqlite3.0.dylib */; };
		97AED118180D23300072611B /* CoreText.framework in Frameworks */ = {isa = PBXBuildFile; fileRef = 97AED117180D23300072611B /* CoreText.framework */; };
		97AED11A180D233F0072611B /* MessageUI.framework in Frameworks */ = {isa = PBXBuildFile; fileRef = 97AED119180D233F0072611B /* MessageUI.framework */; };
		97AED11C180D234D0072611B /* MapKit.framework in Frameworks */ = {isa = PBXBuildFile; fileRef = 97AED11B180D234D0072611B /* MapKit.framework */; };
		97AED11E180D235D0072611B /* QuartzCore.framework in Frameworks */ = {isa = PBXBuildFile; fileRef = 97AED11D180D235D0072611B /* QuartzCore.framework */; };
		97AED120180D236B0072611B /* AssetsLibrary.framework in Frameworks */ = {isa = PBXBuildFile; fileRef = 97AED11F180D236B0072611B /* AssetsLibrary.framework */; };
		97AED122180D237B0072611B /* SystemConfiguration.framework in Frameworks */ = {isa = PBXBuildFile; fileRef = 97AED121180D237B0072611B /* SystemConfiguration.framework */; };
		97AED124180D23870072611B /* CoreLocation.framework in Frameworks */ = {isa = PBXBuildFile; fileRef = 97AED123180D23870072611B /* CoreLocation.framework */; };
		97B422571820D9A600A2E9E6 /* PropertyGroupListViewController.m in Sources */ = {isa = PBXBuildFile; fileRef = 97B422561820D9A600A2E9E6 /* PropertyGroupListViewController.m */; };
		97B4225A1820DB8300A2E9E6 /* AnjukePropertyGroupCell.m in Sources */ = {isa = PBXBuildFile; fileRef = 97B422591820DB8300A2E9E6 /* AnjukePropertyGroupCell.m */; };
		97B4225D1820E36600A2E9E6 /* PropertyAuctionViewController.m in Sources */ = {isa = PBXBuildFile; fileRef = 97B4225C1820E36600A2E9E6 /* PropertyAuctionViewController.m */; };
		97B422601820E38200A2E9E6 /* PropertyResultListViewController.m in Sources */ = {isa = PBXBuildFile; fileRef = 97B4225F1820E38200A2E9E6 /* PropertyResultListViewController.m */; };
		97B422681821087600A2E9E6 /* PropertyBigImageViewController.m in Sources */ = {isa = PBXBuildFile; fileRef = 97B422671821087600A2E9E6 /* PropertyBigImageViewController.m */; };
		97C97B461810DD34006E538B /* TabBarViewController.m in Sources */ = {isa = PBXBuildFile; fileRef = 97C97B451810DD34006E538B /* TabBarViewController.m */; };
		97CD8D44180E6D6E00185C9D /* RTViewController.m in Sources */ = {isa = PBXBuildFile; fileRef = 97CD8D43180E6D6E00185C9D /* RTViewController.m */; };
		97DED8A7182343E500D0B82A /* anjuke_icon08_attention@2x.png in Resources */ = {isa = PBXBuildFile; fileRef = 97DED8A4182343E500D0B82A /* anjuke_icon08_attention@2x.png */; };
		97DED8A8182343E500D0B82A /* anjuke_icon09_stop@2x.png in Resources */ = {isa = PBXBuildFile; fileRef = 97DED8A5182343E500D0B82A /* anjuke_icon09_stop@2x.png */; };
		97DED8A9182343E500D0B82A /* anjuke_icon09_woking@2x.png in Resources */ = {isa = PBXBuildFile; fileRef = 97DED8A6182343E500D0B82A /* anjuke_icon09_woking@2x.png */; };
		97DED8AD18234BB100D0B82A /* MoreListCell.m in Sources */ = {isa = PBXBuildFile; fileRef = 97DED8AC18234BB100D0B82A /* MoreListCell.m */; };
		97DED8B81823999700D0B82A /* anjuke_icon11_@2x.png in Resources */ = {isa = PBXBuildFile; fileRef = 97DED8B71823999700D0B82A /* anjuke_icon11_@2x.png */; };
		97FD0B6218157BEC0072FB5E /* PropertyDataManager.m in Sources */ = {isa = PBXBuildFile; fileRef = 97FD0B6118157BEC0072FB5E /* PropertyDataManager.m */; };
		B7210948182778C100904FC7 /* RentNoPlanListController.m in Sources */ = {isa = PBXBuildFile; fileRef = B7210947182778C100904FC7 /* RentNoPlanListController.m */; };
		B721094B18277CE100904FC7 /* RentFixedDetailController.m in Sources */ = {isa = PBXBuildFile; fileRef = B721094A18277CE100904FC7 /* RentFixedDetailController.m */; };
		B721094F18277F8A00904FC7 /* BaseFixedCell.m in Sources */ = {isa = PBXBuildFile; fileRef = B721094E18277F8A00904FC7 /* BaseFixedCell.m */; };
		B7210952182785A400904FC7 /* RentFixedCell.m in Sources */ = {isa = PBXBuildFile; fileRef = B7210951182785A400904FC7 /* RentFixedCell.m */; };
		B721095518278B4E00904FC7 /* SalePropertyListCell.m in Sources */ = {isa = PBXBuildFile; fileRef = B721095418278B4E00904FC7 /* SalePropertyListCell.m */; };
		B721095818278E6000904FC7 /* RentPropertyListCell.m in Sources */ = {isa = PBXBuildFile; fileRef = B721095718278E6000904FC7 /* RentPropertyListCell.m */; };
		B721095B1827976500904FC7 /* RentNoPlanController.m in Sources */ = {isa = PBXBuildFile; fileRef = B721095A1827976500904FC7 /* RentNoPlanController.m */; };
		B721095E18279D0800904FC7 /* RentPropertyDetailController.m in Sources */ = {isa = PBXBuildFile; fileRef = B721095D18279D0700904FC7 /* RentPropertyDetailController.m */; };
		B769E441181F45AF00A2FF50 /* BaseFixedDetailController.m in Sources */ = {isa = PBXBuildFile; fileRef = B769E440181F45AF00A2FF50 /* BaseFixedDetailController.m */; };
		B769E445181F462C00A2FF50 /* SaleFixedDetailController.m in Sources */ = {isa = PBXBuildFile; fileRef = B769E444181F462C00A2FF50 /* SaleFixedDetailController.m */; };
		B769E44E181F4C3E00A2FF50 /* CommunityObject.m in Sources */ = {isa = PBXBuildFile; fileRef = B769E44B181F4C3E00A2FF50 /* CommunityObject.m */; };
		B769E44F181F4C3E00A2FF50 /* FixedObject.m in Sources */ = {isa = PBXBuildFile; fileRef = B769E44D181F4C3E00A2FF50 /* FixedObject.m */; };
		B769E453181F4D0100A2FF50 /* SaleFixedCell.m in Sources */ = {isa = PBXBuildFile; fileRef = B769E452181F4D0100A2FF50 /* SaleFixedCell.m */; };
		B769E45A181F547100A2FF50 /* BasePropertyListCell.m in Sources */ = {isa = PBXBuildFile; fileRef = B769E459181F547100A2FF50 /* BasePropertyListCell.m */; };
		B769E45D181F54DE00A2FF50 /* PropertyObject.m in Sources */ = {isa = PBXBuildFile; fileRef = B769E45C181F54DE00A2FF50 /* PropertyObject.m */; };
		B769E460181F5F1200A2FF50 /* ModifyFixedCostController.m in Sources */ = {isa = PBXBuildFile; fileRef = B769E45F181F5F1200A2FF50 /* ModifyFixedCostController.m */; };
		B769E463181F629B00A2FF50 /* BasePropertyDetailController.m in Sources */ = {isa = PBXBuildFile; fileRef = B769E462181F629B00A2FF50 /* BasePropertyDetailController.m */; };
		B769E466181F62DB00A2FF50 /* SalePropertyDetailController.m in Sources */ = {isa = PBXBuildFile; fileRef = B769E465181F62DB00A2FF50 /* SalePropertyDetailController.m */; };
		B769E469181F680D00A2FF50 /* PropertyDetailCell.m in Sources */ = {isa = PBXBuildFile; fileRef = B769E468181F680D00A2FF50 /* PropertyDetailCell.m */; };
		B769E46C181F76A600A2FF50 /* BaseBidPlanController.m in Sources */ = {isa = PBXBuildFile; fileRef = B769E46B181F76A600A2FF50 /* BaseBidPlanController.m */; };
		B769E46F181F76C600A2FF50 /* SaleBidPlanController.m in Sources */ = {isa = PBXBuildFile; fileRef = B769E46E181F76C600A2FF50 /* SaleBidPlanController.m */; };
		B769E472181F805F00A2FF50 /* BaseBidDetailController.m in Sources */ = {isa = PBXBuildFile; fileRef = B769E471181F805F00A2FF50 /* BaseBidDetailController.m */; };
		B769E475181F807500A2FF50 /* SaleBidDetailController.m in Sources */ = {isa = PBXBuildFile; fileRef = B769E474181F807500A2FF50 /* SaleBidDetailController.m */; };
		B769E47B181F82B000A2FF50 /* BaseBidPropertyCell.m in Sources */ = {isa = PBXBuildFile; fileRef = B769E47A181F82B000A2FF50 /* BaseBidPropertyCell.m */; };
		B769E47E181F864200A2FF50 /* BaseBidPropertyController.m in Sources */ = {isa = PBXBuildFile; fileRef = B769E47D181F864200A2FF50 /* BaseBidPropertyController.m */; };
		B769E481181F86D300A2FF50 /* BidPropertyDetailController.m in Sources */ = {isa = PBXBuildFile; fileRef = B769E480181F86D300A2FF50 /* BidPropertyDetailController.m */; };
		B769E484181F8F7000A2FF50 /* BasePropertyListController.m in Sources */ = {isa = PBXBuildFile; fileRef = B769E483181F8F7000A2FF50 /* BasePropertyListController.m */; };
		B769E487181F8F9300A2FF50 /* SalePropertyListController.m in Sources */ = {isa = PBXBuildFile; fileRef = B769E486181F8F9300A2FF50 /* SalePropertyListController.m */; };
		B769E48C181FA89000A2FF50 /* PPCGroupCell.m in Sources */ = {isa = PBXBuildFile; fileRef = B769E48B181FA89000A2FF50 /* PPCGroupCell.m */; };
		B76E5977181E5676005B6A8C /* BaseNoPlanController.m in Sources */ = {isa = PBXBuildFile; fileRef = B76E5976181E5676005B6A8C /* BaseNoPlanController.m */; };
		B76E5988181E5AD1005B6A8C /* BaseNoPlanListCell.m in Sources */ = {isa = PBXBuildFile; fileRef = B76E5987181E5AD1005B6A8C /* BaseNoPlanListCell.m */; };
		B7E38A00182238CF002C6E8A /* anjuke_icon06_select@2x.png in Resources */ = {isa = PBXBuildFile; fileRef = B7E389FE182238CF002C6E8A /* anjuke_icon06_select@2x.png */; };
		B7E38A01182238CF002C6E8A /* anjuke_icon06_selected@2x.png in Resources */ = {isa = PBXBuildFile; fileRef = B7E389FF182238CF002C6E8A /* anjuke_icon06_selected@2x.png */; };
		B7E38A0A18225FEC002C6E8A /* anjuke_icon07_arrow@2x.png in Resources */ = {isa = PBXBuildFile; fileRef = B7E38A0918225FEC002C6E8A /* anjuke_icon07_arrow@2x.png */; };
		B7E803ED1820DD8000775C6F /* SaleSelectNoPlanController.m in Sources */ = {isa = PBXBuildFile; fileRef = B7E803EC1820DD8000775C6F /* SaleSelectNoPlanController.m */; };
		B7E803F01820E14000775C6F /* SaleNoPlanGroupController.m in Sources */ = {isa = PBXBuildFile; fileRef = B7E803EF1820E14000775C6F /* SaleNoPlanGroupController.m */; };
		B7E803F31820F24400775C6F /* SaleNoPlanListCell.m in Sources */ = {isa = PBXBuildFile; fileRef = B7E803F21820F24400775C6F /* SaleNoPlanListCell.m */; };
		B7EF148E18289CB7000B6016 /* RentBidDetailController.m in Sources */ = {isa = PBXBuildFile; fileRef = B7EF148D18289CB6000B6016 /* RentBidDetailController.m */; };
/* End PBXBuildFile section */

/* Begin PBXContainerItemProxy section */
		97410575180CDFE1004DAE95 /* PBXContainerItemProxy */ = {
			isa = PBXContainerItemProxy;
			containerPortal = 97410547180CDFE0004DAE95 /* Project object */;
			proxyType = 1;
			remoteGlobalIDString = 9741054E180CDFE0004DAE95;
			remoteInfo = AnjukeBroker_New;
		};
		97AED0FC180D20110072611B /* PBXContainerItemProxy */ = {
			isa = PBXContainerItemProxy;
			containerPortal = 97AED0F5180D20100072611B /* RTCoreService.xcodeproj */;
			proxyType = 2;
			remoteGlobalIDString = 57411EEA16E586C600C20452;
			remoteInfo = RTCoreService;
		};
		97AED0FE180D20340072611B /* PBXContainerItemProxy */ = {
			isa = PBXContainerItemProxy;
			containerPortal = 97AED0F5180D20100072611B /* RTCoreService.xcodeproj */;
			proxyType = 1;
			remoteGlobalIDString = 57411EE916E586C600C20452;
			remoteInfo = RTCoreService;
		};
/* End PBXContainerItemProxy section */

/* Begin PBXFileReference section */
		970B78DA182010EE00C8E3C6 /* Util_UI.h */ = {isa = PBXFileReference; fileEncoding = 4; lastKnownFileType = sourcecode.c.h; path = Util_UI.h; sourceTree = "<group>"; };
		970B78DB182010EE00C8E3C6 /* Util_UI.m */ = {isa = PBXFileReference; fileEncoding = 4; lastKnownFileType = sourcecode.c.objc; path = Util_UI.m; sourceTree = "<group>"; };
		97192EE51818FEF7007971BA /* PhotoButton.h */ = {isa = PBXFileReference; fileEncoding = 4; lastKnownFileType = sourcecode.c.h; path = PhotoButton.h; sourceTree = "<group>"; };
		97192EE61818FEF7007971BA /* PhotoButton.m */ = {isa = PBXFileReference; fileEncoding = 4; lastKnownFileType = sourcecode.c.objc; path = PhotoButton.m; sourceTree = "<group>"; };
		972C10191814D4FF00552C9B /* TencentOpenAPI.framework */ = {isa = PBXFileReference; lastKnownFileType = wrapper.framework; name = TencentOpenAPI.framework; path = ../RTCoreService/RTCoreService/RT3rdSDK/TencentSDK/TencentOpenAPI.framework; sourceTree = "<group>"; };
		972C10271814FCD300552C9B /* HomeViewController.h */ = {isa = PBXFileReference; fileEncoding = 4; lastKnownFileType = sourcecode.c.h; path = HomeViewController.h; sourceTree = "<group>"; };
		972C10281814FCD300552C9B /* HomeViewController.m */ = {isa = PBXFileReference; fileEncoding = 4; lastKnownFileType = sourcecode.c.objc; path = HomeViewController.m; sourceTree = "<group>"; };
		972C102A1814FD4500552C9B /* AnjukeHomeViewController.h */ = {isa = PBXFileReference; fileEncoding = 4; lastKnownFileType = sourcecode.c.h; path = AnjukeHomeViewController.h; sourceTree = "<group>"; };
		972C102B1814FD4500552C9B /* AnjukeHomeViewController.m */ = {isa = PBXFileReference; fileEncoding = 4; lastKnownFileType = sourcecode.c.objc; path = AnjukeHomeViewController.m; sourceTree = "<group>"; };
		972C102D1814FD5900552C9B /* HaozuHomeViewController.h */ = {isa = PBXFileReference; fileEncoding = 4; lastKnownFileType = sourcecode.c.h; path = HaozuHomeViewController.h; sourceTree = "<group>"; };
		972C102E1814FD5900552C9B /* HaozuHomeViewController.m */ = {isa = PBXFileReference; fileEncoding = 4; lastKnownFileType = sourcecode.c.objc; path = HaozuHomeViewController.m; sourceTree = "<group>"; };
		972C10301814FDC400552C9B /* MoreViewController.h */ = {isa = PBXFileReference; fileEncoding = 4; lastKnownFileType = sourcecode.c.h; path = MoreViewController.h; sourceTree = "<group>"; };
		972C10311814FDC400552C9B /* MoreViewController.m */ = {isa = PBXFileReference; fileEncoding = 4; lastKnownFileType = sourcecode.c.objc; path = MoreViewController.m; sourceTree = "<group>"; };
		972C10371815351900552C9B /* AnjukeEditPropertyViewController.h */ = {isa = PBXFileReference; fileEncoding = 4; lastKnownFileType = sourcecode.c.h; path = AnjukeEditPropertyViewController.h; sourceTree = "<group>"; };
		972C10381815351900552C9B /* AnjukeEditPropertyViewController.m */ = {isa = PBXFileReference; fileEncoding = 4; lastKnownFileType = sourcecode.c.objc; path = AnjukeEditPropertyViewController.m; sourceTree = "<group>"; };
		972DDA281826A4CA00263F8F /* RTNavigationController.h */ = {isa = PBXFileReference; fileEncoding = 4; lastKnownFileType = sourcecode.c.h; path = RTNavigationController.h; sourceTree = "<group>"; };
		972DDA291826A4CA00263F8F /* RTNavigationController.m */ = {isa = PBXFileReference; fileEncoding = 4; lastKnownFileType = sourcecode.c.objc; path = RTNavigationController.m; sourceTree = "<group>"; };
		972DDA2E1826D39500263F8F /* RTPopoverTableViewController.h */ = {isa = PBXFileReference; fileEncoding = 4; lastKnownFileType = sourcecode.c.h; path = RTPopoverTableViewController.h; sourceTree = "<group>"; };
		972DDA2F1826D39500263F8F /* RTPopoverTableViewController.m */ = {isa = PBXFileReference; fileEncoding = 4; lastKnownFileType = sourcecode.c.objc; path = RTPopoverTableViewController.m; sourceTree = "<group>"; };
		9741054F180CDFE0004DAE95 /* AnjukeBroker_New.app */ = {isa = PBXFileReference; explicitFileType = wrapper.application; includeInIndex = 0; path = AnjukeBroker_New.app; sourceTree = BUILT_PRODUCTS_DIR; };
		97410552180CDFE0004DAE95 /* Foundation.framework */ = {isa = PBXFileReference; lastKnownFileType = wrapper.framework; name = Foundation.framework; path = System/Library/Frameworks/Foundation.framework; sourceTree = SDKROOT; };
		97410554180CDFE0004DAE95 /* CoreGraphics.framework */ = {isa = PBXFileReference; lastKnownFileType = wrapper.framework; name = CoreGraphics.framework; path = System/Library/Frameworks/CoreGraphics.framework; sourceTree = SDKROOT; };
		97410556180CDFE0004DAE95 /* UIKit.framework */ = {isa = PBXFileReference; lastKnownFileType = wrapper.framework; name = UIKit.framework; path = System/Library/Frameworks/UIKit.framework; sourceTree = SDKROOT; };
		97410558180CDFE0004DAE95 /* CoreData.framework */ = {isa = PBXFileReference; lastKnownFileType = wrapper.framework; name = CoreData.framework; path = System/Library/Frameworks/CoreData.framework; sourceTree = SDKROOT; };
		9741055C180CDFE0004DAE95 /* AnjukeBroker_New-Info.plist */ = {isa = PBXFileReference; lastKnownFileType = text.plist.xml; path = "AnjukeBroker_New-Info.plist"; sourceTree = "<group>"; };
		9741055E180CDFE0004DAE95 /* en */ = {isa = PBXFileReference; lastKnownFileType = text.plist.strings; name = en; path = en.lproj/InfoPlist.strings; sourceTree = "<group>"; };
		97410560180CDFE0004DAE95 /* main.m */ = {isa = PBXFileReference; lastKnownFileType = sourcecode.c.objc; path = main.m; sourceTree = "<group>"; };
		97410562180CDFE0004DAE95 /* AnjukeBroker_New-Prefix.pch */ = {isa = PBXFileReference; lastKnownFileType = sourcecode.c.h; path = "AnjukeBroker_New-Prefix.pch"; sourceTree = "<group>"; };
		97410563180CDFE0004DAE95 /* AppDelegate.h */ = {isa = PBXFileReference; lastKnownFileType = sourcecode.c.h; path = AppDelegate.h; sourceTree = "<group>"; };
		97410564180CDFE0004DAE95 /* AppDelegate.m */ = {isa = PBXFileReference; lastKnownFileType = sourcecode.c.objc; path = AppDelegate.m; sourceTree = "<group>"; };
		97410567180CDFE0004DAE95 /* AnjukeBroker_New.xcdatamodel */ = {isa = PBXFileReference; lastKnownFileType = wrapper.xcdatamodel; path = AnjukeBroker_New.xcdatamodel; sourceTree = "<group>"; };
		97410569180CDFE0004DAE95 /* Images.xcassets */ = {isa = PBXFileReference; lastKnownFileType = folder.assetcatalog; path = Images.xcassets; sourceTree = "<group>"; };
		9741056F180CDFE1004DAE95 /* AnjukeBroker_NewTests.xctest */ = {isa = PBXFileReference; explicitFileType = wrapper.cfbundle; includeInIndex = 0; path = AnjukeBroker_NewTests.xctest; sourceTree = BUILT_PRODUCTS_DIR; };
		97410570180CDFE1004DAE95 /* XCTest.framework */ = {isa = PBXFileReference; lastKnownFileType = wrapper.framework; name = XCTest.framework; path = Library/Frameworks/XCTest.framework; sourceTree = DEVELOPER_DIR; };
		97410579180CDFE1004DAE95 /* AnjukeBroker_NewTests-Info.plist */ = {isa = PBXFileReference; lastKnownFileType = text.plist.xml; path = "AnjukeBroker_NewTests-Info.plist"; sourceTree = "<group>"; };
		9741057B180CDFE1004DAE95 /* en */ = {isa = PBXFileReference; lastKnownFileType = text.plist.strings; name = en; path = en.lproj/InfoPlist.strings; sourceTree = "<group>"; };
		9741057D180CDFE1004DAE95 /* AnjukeBroker_NewTests.m */ = {isa = PBXFileReference; lastKnownFileType = sourcecode.c.objc; path = AnjukeBroker_NewTests.m; sourceTree = "<group>"; };
		97410587180CE0FC004DAE95 /* RootViewController.h */ = {isa = PBXFileReference; fileEncoding = 4; lastKnownFileType = sourcecode.c.h; path = RootViewController.h; sourceTree = "<group>"; };
		97410588180CE0FC004DAE95 /* RootViewController.m */ = {isa = PBXFileReference; fileEncoding = 4; lastKnownFileType = sourcecode.c.objc; path = RootViewController.m; sourceTree = "<group>"; };
		974E5C7D181E417F000246D1 /* RTListCell.h */ = {isa = PBXFileReference; fileEncoding = 4; lastKnownFileType = sourcecode.c.h; path = RTListCell.h; sourceTree = "<group>"; };
		974E5C7E181E417F000246D1 /* RTListCell.m */ = {isa = PBXFileReference; fileEncoding = 4; lastKnownFileType = sourcecode.c.objc; path = RTListCell.m; sourceTree = "<group>"; };
		974E5C80181E4210000246D1 /* AnjukeEditableCell.h */ = {isa = PBXFileReference; fileEncoding = 4; lastKnownFileType = sourcecode.c.h; path = AnjukeEditableCell.h; sourceTree = "<group>"; };
		974E5C81181E4210000246D1 /* AnjukeEditableCell.m */ = {isa = PBXFileReference; fileEncoding = 4; lastKnownFileType = sourcecode.c.objc; path = AnjukeEditableCell.m; sourceTree = "<group>"; };
		974E5C87181E4B00000246D1 /* AnjukeEditableTV_DataSource.h */ = {isa = PBXFileReference; fileEncoding = 4; lastKnownFileType = sourcecode.c.h; path = AnjukeEditableTV_DataSource.h; sourceTree = "<group>"; };
		974E5C88181E4B00000246D1 /* AnjukeEditableTV_DataSource.m */ = {isa = PBXFileReference; fileEncoding = 4; lastKnownFileType = sourcecode.c.objc; path = AnjukeEditableTV_DataSource.m; sourceTree = "<group>"; };
		974E5C8A181E4D45000246D1 /* AnjukeNormalCell.h */ = {isa = PBXFileReference; fileEncoding = 4; lastKnownFileType = sourcecode.c.h; path = AnjukeNormalCell.h; sourceTree = "<group>"; };
		974E5C8B181E4D45000246D1 /* AnjukeNormalCell.m */ = {isa = PBXFileReference; fileEncoding = 4; lastKnownFileType = sourcecode.c.objc; path = AnjukeNormalCell.m; sourceTree = "<group>"; };
		975D9DDF181B69A700A421AF /* KeyboardToolBar.h */ = {isa = PBXFileReference; fileEncoding = 4; lastKnownFileType = sourcecode.c.h; path = KeyboardToolBar.h; sourceTree = "<group>"; };
		975D9DE0181B69A700A421AF /* KeyboardToolBar.m */ = {isa = PBXFileReference; fileEncoding = 4; lastKnownFileType = sourcecode.c.objc; path = KeyboardToolBar.m; sourceTree = "<group>"; };
		976AC60F18278B5C003A2B3A /* LoginViewController.h */ = {isa = PBXFileReference; fileEncoding = 4; lastKnownFileType = sourcecode.c.h; path = LoginViewController.h; sourceTree = "<group>"; };
		976AC61018278B5C003A2B3A /* LoginViewController.m */ = {isa = PBXFileReference; fileEncoding = 4; lastKnownFileType = sourcecode.c.objc; path = LoginViewController.m; sourceTree = "<group>"; };
		977FCA8D182894F000945FB4 /* CommunityListViewController.h */ = {isa = PBXFileReference; fileEncoding = 4; lastKnownFileType = sourcecode.c.h; path = CommunityListViewController.h; sourceTree = "<group>"; };
		977FCA8E182894F000945FB4 /* CommunityListViewController.m */ = {isa = PBXFileReference; fileEncoding = 4; lastKnownFileType = sourcecode.c.objc; path = CommunityListViewController.m; sourceTree = "<group>"; };
		977FCA9B1828FAD700945FB4 /* LoginManager.h */ = {isa = PBXFileReference; fileEncoding = 4; lastKnownFileType = sourcecode.c.h; path = LoginManager.h; sourceTree = "<group>"; };
		977FCA9C1828FAD700945FB4 /* LoginManager.m */ = {isa = PBXFileReference; fileEncoding = 4; lastKnownFileType = sourcecode.c.objc; path = LoginManager.m; sourceTree = "<group>"; };
		979583561821FF2B005EA48A /* SystemMessageViewController.h */ = {isa = PBXFileReference; fileEncoding = 4; lastKnownFileType = sourcecode.c.h; path = SystemMessageViewController.h; sourceTree = "<group>"; };
		979583571821FF2B005EA48A /* SystemMessageViewController.m */ = {isa = PBXFileReference; fileEncoding = 4; lastKnownFileType = sourcecode.c.objc; path = SystemMessageViewController.m; sourceTree = "<group>"; };
		9795835B1822014A005EA48A /* SystemMessageCell.h */ = {isa = PBXFileReference; fileEncoding = 4; lastKnownFileType = sourcecode.c.h; path = SystemMessageCell.h; sourceTree = "<group>"; };
		9795835C1822014A005EA48A /* SystemMessageCell.m */ = {isa = PBXFileReference; fileEncoding = 4; lastKnownFileType = sourcecode.c.objc; path = SystemMessageCell.m; sourceTree = "<group>"; };
		97958360182229AF005EA48A /* Util_TEXT.h */ = {isa = PBXFileReference; fileEncoding = 4; lastKnownFileType = sourcecode.c.h; path = Util_TEXT.h; sourceTree = "<group>"; };
		97958361182229AF005EA48A /* Util_TEXT.m */ = {isa = PBXFileReference; fileEncoding = 4; lastKnownFileType = sourcecode.c.objc; path = Util_TEXT.m; sourceTree = "<group>"; };
		9795837118224ABF005EA48A /* TabAnjuke_normal@2x.png */ = {isa = PBXFileReference; lastKnownFileType = image.png; path = "TabAnjuke_normal@2x.png"; sourceTree = "<group>"; };
		9795837318224ABF005EA48A /* TabHaozu_normal@2x.png */ = {isa = PBXFileReference; lastKnownFileType = image.png; path = "TabHaozu_normal@2x.png"; sourceTree = "<group>"; };
		9795837518224ABF005EA48A /* TabHome_normal@2x.png */ = {isa = PBXFileReference; lastKnownFileType = image.png; path = "TabHome_normal@2x.png"; sourceTree = "<group>"; };
		9795838318224F35005EA48A /* TabMore_normal@2x.png */ = {isa = PBXFileReference; lastKnownFileType = image.png; path = "TabMore_normal@2x.png"; sourceTree = "<group>"; };
		9795838B18225B93005EA48A /* anjuke_icon05_photo_selected@2x.png */ = {isa = PBXFileReference; lastKnownFileType = image.png; path = "anjuke_icon05_photo_selected@2x.png"; sourceTree = "<group>"; };
		9795838C18225B93005EA48A /* anjuke_icon05_photo@2x.png */ = {isa = PBXFileReference; lastKnownFileType = image.png; path = "anjuke_icon05_photo@2x.png"; sourceTree = "<group>"; };
		97A0F0201816227A00C31D83 /* BrokerLineView.h */ = {isa = PBXFileReference; fileEncoding = 4; lastKnownFileType = sourcecode.c.h; path = BrokerLineView.h; sourceTree = "<group>"; };
		97A0F0211816227A00C31D83 /* BrokerLineView.m */ = {isa = PBXFileReference; fileEncoding = 4; lastKnownFileType = sourcecode.c.objc; path = BrokerLineView.m; sourceTree = "<group>"; };
		97A0F026181653A600C31D83 /* RTInputPickerView.h */ = {isa = PBXFileReference; fileEncoding = 4; lastKnownFileType = sourcecode.c.h; path = RTInputPickerView.h; sourceTree = "<group>"; };
		97A0F027181653A600C31D83 /* RTInputPickerView.m */ = {isa = PBXFileReference; fileEncoding = 4; lastKnownFileType = sourcecode.c.objc; path = RTInputPickerView.m; sourceTree = "<group>"; };
		97A6067F1816C2A50041B367 /* InputOrderManager.h */ = {isa = PBXFileReference; fileEncoding = 4; lastKnownFileType = sourcecode.c.h; path = InputOrderManager.h; sourceTree = "<group>"; };
		97A606801816C2A50041B367 /* InputOrderManager.m */ = {isa = PBXFileReference; fileEncoding = 4; lastKnownFileType = sourcecode.c.objc; path = InputOrderManager.m; sourceTree = "<group>"; };
		97AED0F5180D20100072611B /* RTCoreService.xcodeproj */ = {isa = PBXFileReference; lastKnownFileType = "wrapper.pb-project"; name = RTCoreService.xcodeproj; path = ../RTCoreService/RTCoreService.xcodeproj; sourceTree = "<group>"; };
		97AED105180D21BD0072611B /* AdSupport.framework */ = {isa = PBXFileReference; lastKnownFileType = wrapper.framework; name = AdSupport.framework; path = System/Library/Frameworks/AdSupport.framework; sourceTree = SDKROOT; };
		97AED107180D21DB0072611B /* libicucore.dylib */ = {isa = PBXFileReference; lastKnownFileType = "compiled.mach-o.dylib"; name = libicucore.dylib; path = usr/lib/libicucore.dylib; sourceTree = SDKROOT; };
		97AED109180D21F40072611B /* libstdc++.dylib */ = {isa = PBXFileReference; lastKnownFileType = "compiled.mach-o.dylib"; name = "libstdc++.dylib"; path = "usr/lib/libstdc++.dylib"; sourceTree = SDKROOT; };
		97AED10B180D221B0072611B /* Security.framework */ = {isa = PBXFileReference; lastKnownFileType = wrapper.framework; name = Security.framework; path = System/Library/Frameworks/Security.framework; sourceTree = SDKROOT; };
		97AED10D180D22AE0072611B /* CoreTelephony.framework */ = {isa = PBXFileReference; lastKnownFileType = wrapper.framework; name = CoreTelephony.framework; path = System/Library/Frameworks/CoreTelephony.framework; sourceTree = SDKROOT; };
		97AED10F180D22E20072611B /* libz.1.2.5.dylib */ = {isa = PBXFileReference; lastKnownFileType = "compiled.mach-o.dylib"; name = libz.1.2.5.dylib; path = usr/lib/libz.1.2.5.dylib; sourceTree = SDKROOT; };
		97AED111180D22FE0072611B /* CFNetwork.framework */ = {isa = PBXFileReference; lastKnownFileType = wrapper.framework; name = CFNetwork.framework; path = System/Library/Frameworks/CFNetwork.framework; sourceTree = SDKROOT; };
		97AED113180D23100072611B /* MobileCoreServices.framework */ = {isa = PBXFileReference; lastKnownFileType = wrapper.framework; name = MobileCoreServices.framework; path = System/Library/Frameworks/MobileCoreServices.framework; sourceTree = SDKROOT; };
		97AED115180D23210072611B /* libsqlite3.0.dylib */ = {isa = PBXFileReference; lastKnownFileType = "compiled.mach-o.dylib"; name = libsqlite3.0.dylib; path = usr/lib/libsqlite3.0.dylib; sourceTree = SDKROOT; };
		97AED117180D23300072611B /* CoreText.framework */ = {isa = PBXFileReference; lastKnownFileType = wrapper.framework; name = CoreText.framework; path = System/Library/Frameworks/CoreText.framework; sourceTree = SDKROOT; };
		97AED119180D233F0072611B /* MessageUI.framework */ = {isa = PBXFileReference; lastKnownFileType = wrapper.framework; name = MessageUI.framework; path = System/Library/Frameworks/MessageUI.framework; sourceTree = SDKROOT; };
		97AED11B180D234D0072611B /* MapKit.framework */ = {isa = PBXFileReference; lastKnownFileType = wrapper.framework; name = MapKit.framework; path = System/Library/Frameworks/MapKit.framework; sourceTree = SDKROOT; };
		97AED11D180D235D0072611B /* QuartzCore.framework */ = {isa = PBXFileReference; lastKnownFileType = wrapper.framework; name = QuartzCore.framework; path = System/Library/Frameworks/QuartzCore.framework; sourceTree = SDKROOT; };
		97AED11F180D236B0072611B /* AssetsLibrary.framework */ = {isa = PBXFileReference; lastKnownFileType = wrapper.framework; name = AssetsLibrary.framework; path = System/Library/Frameworks/AssetsLibrary.framework; sourceTree = SDKROOT; };
		97AED121180D237B0072611B /* SystemConfiguration.framework */ = {isa = PBXFileReference; lastKnownFileType = wrapper.framework; name = SystemConfiguration.framework; path = System/Library/Frameworks/SystemConfiguration.framework; sourceTree = SDKROOT; };
		97AED123180D23870072611B /* CoreLocation.framework */ = {isa = PBXFileReference; lastKnownFileType = wrapper.framework; name = CoreLocation.framework; path = System/Library/Frameworks/CoreLocation.framework; sourceTree = SDKROOT; };
		97B422551820D9A600A2E9E6 /* PropertyGroupListViewController.h */ = {isa = PBXFileReference; fileEncoding = 4; lastKnownFileType = sourcecode.c.h; path = PropertyGroupListViewController.h; sourceTree = "<group>"; };
		97B422561820D9A600A2E9E6 /* PropertyGroupListViewController.m */ = {isa = PBXFileReference; fileEncoding = 4; lastKnownFileType = sourcecode.c.objc; path = PropertyGroupListViewController.m; sourceTree = "<group>"; };
		97B422581820DB8300A2E9E6 /* AnjukePropertyGroupCell.h */ = {isa = PBXFileReference; fileEncoding = 4; lastKnownFileType = sourcecode.c.h; path = AnjukePropertyGroupCell.h; sourceTree = "<group>"; };
		97B422591820DB8300A2E9E6 /* AnjukePropertyGroupCell.m */ = {isa = PBXFileReference; fileEncoding = 4; lastKnownFileType = sourcecode.c.objc; path = AnjukePropertyGroupCell.m; sourceTree = "<group>"; };
		97B4225B1820E36600A2E9E6 /* PropertyAuctionViewController.h */ = {isa = PBXFileReference; fileEncoding = 4; lastKnownFileType = sourcecode.c.h; path = PropertyAuctionViewController.h; sourceTree = "<group>"; };
		97B4225C1820E36600A2E9E6 /* PropertyAuctionViewController.m */ = {isa = PBXFileReference; fileEncoding = 4; lastKnownFileType = sourcecode.c.objc; path = PropertyAuctionViewController.m; sourceTree = "<group>"; };
		97B4225E1820E38200A2E9E6 /* PropertyResultListViewController.h */ = {isa = PBXFileReference; fileEncoding = 4; lastKnownFileType = sourcecode.c.h; path = PropertyResultListViewController.h; sourceTree = "<group>"; };
		97B4225F1820E38200A2E9E6 /* PropertyResultListViewController.m */ = {isa = PBXFileReference; fileEncoding = 4; lastKnownFileType = sourcecode.c.objc; path = PropertyResultListViewController.m; sourceTree = "<group>"; };
		97B422661821087600A2E9E6 /* PropertyBigImageViewController.h */ = {isa = PBXFileReference; fileEncoding = 4; lastKnownFileType = sourcecode.c.h; path = PropertyBigImageViewController.h; sourceTree = "<group>"; };
		97B422671821087600A2E9E6 /* PropertyBigImageViewController.m */ = {isa = PBXFileReference; fileEncoding = 4; lastKnownFileType = sourcecode.c.objc; path = PropertyBigImageViewController.m; sourceTree = "<group>"; };
		97C97B441810DD34006E538B /* TabBarViewController.h */ = {isa = PBXFileReference; fileEncoding = 4; lastKnownFileType = sourcecode.c.h; path = TabBarViewController.h; sourceTree = "<group>"; };
		97C97B451810DD34006E538B /* TabBarViewController.m */ = {isa = PBXFileReference; fileEncoding = 4; lastKnownFileType = sourcecode.c.objc; path = TabBarViewController.m; sourceTree = "<group>"; };
		97CD8D42180E6D6E00185C9D /* RTViewController.h */ = {isa = PBXFileReference; fileEncoding = 4; lastKnownFileType = sourcecode.c.h; path = RTViewController.h; sourceTree = "<group>"; };
		97CD8D43180E6D6E00185C9D /* RTViewController.m */ = {isa = PBXFileReference; fileEncoding = 4; lastKnownFileType = sourcecode.c.objc; path = RTViewController.m; sourceTree = "<group>"; };
		97DED8A4182343E500D0B82A /* anjuke_icon08_attention@2x.png */ = {isa = PBXFileReference; lastKnownFileType = image.png; path = "anjuke_icon08_attention@2x.png"; sourceTree = "<group>"; };
		97DED8A5182343E500D0B82A /* anjuke_icon09_stop@2x.png */ = {isa = PBXFileReference; lastKnownFileType = image.png; path = "anjuke_icon09_stop@2x.png"; sourceTree = "<group>"; };
		97DED8A6182343E500D0B82A /* anjuke_icon09_woking@2x.png */ = {isa = PBXFileReference; lastKnownFileType = image.png; path = "anjuke_icon09_woking@2x.png"; sourceTree = "<group>"; };
		97DED8AB18234BB100D0B82A /* MoreListCell.h */ = {isa = PBXFileReference; fileEncoding = 4; lastKnownFileType = sourcecode.c.h; path = MoreListCell.h; sourceTree = "<group>"; };
		97DED8AC18234BB100D0B82A /* MoreListCell.m */ = {isa = PBXFileReference; fileEncoding = 4; lastKnownFileType = sourcecode.c.objc; path = MoreListCell.m; sourceTree = "<group>"; };
		97DED8B71823999700D0B82A /* anjuke_icon11_@2x.png */ = {isa = PBXFileReference; lastKnownFileType = image.png; path = "anjuke_icon11_@2x.png"; sourceTree = "<group>"; };
		97FD0B6018157BEC0072FB5E /* PropertyDataManager.h */ = {isa = PBXFileReference; fileEncoding = 4; lastKnownFileType = sourcecode.c.h; path = PropertyDataManager.h; sourceTree = "<group>"; };
		97FD0B6118157BEC0072FB5E /* PropertyDataManager.m */ = {isa = PBXFileReference; fileEncoding = 4; lastKnownFileType = sourcecode.c.objc; path = PropertyDataManager.m; sourceTree = "<group>"; };
		B7210946182778C100904FC7 /* RentNoPlanListController.h */ = {isa = PBXFileReference; fileEncoding = 4; lastKnownFileType = sourcecode.c.h; path = RentNoPlanListController.h; sourceTree = "<group>"; };
		B7210947182778C100904FC7 /* RentNoPlanListController.m */ = {isa = PBXFileReference; fileEncoding = 4; lastKnownFileType = sourcecode.c.objc; path = RentNoPlanListController.m; sourceTree = "<group>"; };
		B721094918277CE100904FC7 /* RentFixedDetailController.h */ = {isa = PBXFileReference; fileEncoding = 4; lastKnownFileType = sourcecode.c.h; path = RentFixedDetailController.h; sourceTree = "<group>"; };
		B721094A18277CE100904FC7 /* RentFixedDetailController.m */ = {isa = PBXFileReference; fileEncoding = 4; lastKnownFileType = sourcecode.c.objc; path = RentFixedDetailController.m; sourceTree = "<group>"; };
		B721094D18277F8A00904FC7 /* BaseFixedCell.h */ = {isa = PBXFileReference; fileEncoding = 4; lastKnownFileType = sourcecode.c.h; path = BaseFixedCell.h; sourceTree = "<group>"; };
		B721094E18277F8A00904FC7 /* BaseFixedCell.m */ = {isa = PBXFileReference; fileEncoding = 4; lastKnownFileType = sourcecode.c.objc; path = BaseFixedCell.m; sourceTree = "<group>"; };
		B7210950182785A400904FC7 /* RentFixedCell.h */ = {isa = PBXFileReference; fileEncoding = 4; lastKnownFileType = sourcecode.c.h; path = RentFixedCell.h; sourceTree = "<group>"; };
		B7210951182785A400904FC7 /* RentFixedCell.m */ = {isa = PBXFileReference; fileEncoding = 4; lastKnownFileType = sourcecode.c.objc; path = RentFixedCell.m; sourceTree = "<group>"; };
		B721095318278B4E00904FC7 /* SalePropertyListCell.h */ = {isa = PBXFileReference; fileEncoding = 4; lastKnownFileType = sourcecode.c.h; path = SalePropertyListCell.h; sourceTree = "<group>"; };
		B721095418278B4E00904FC7 /* SalePropertyListCell.m */ = {isa = PBXFileReference; fileEncoding = 4; lastKnownFileType = sourcecode.c.objc; path = SalePropertyListCell.m; sourceTree = "<group>"; };
		B721095618278E6000904FC7 /* RentPropertyListCell.h */ = {isa = PBXFileReference; fileEncoding = 4; lastKnownFileType = sourcecode.c.h; path = RentPropertyListCell.h; sourceTree = "<group>"; };
		B721095718278E6000904FC7 /* RentPropertyListCell.m */ = {isa = PBXFileReference; fileEncoding = 4; lastKnownFileType = sourcecode.c.objc; path = RentPropertyListCell.m; sourceTree = "<group>"; };
		B72109591827976500904FC7 /* RentNoPlanController.h */ = {isa = PBXFileReference; fileEncoding = 4; lastKnownFileType = sourcecode.c.h; path = RentNoPlanController.h; sourceTree = "<group>"; };
		B721095A1827976500904FC7 /* RentNoPlanController.m */ = {isa = PBXFileReference; fileEncoding = 4; lastKnownFileType = sourcecode.c.objc; path = RentNoPlanController.m; sourceTree = "<group>"; };
		B721095C18279D0700904FC7 /* RentPropertyDetailController.h */ = {isa = PBXFileReference; fileEncoding = 4; lastKnownFileType = sourcecode.c.h; path = RentPropertyDetailController.h; sourceTree = "<group>"; };
		B721095D18279D0700904FC7 /* RentPropertyDetailController.m */ = {isa = PBXFileReference; fileEncoding = 4; lastKnownFileType = sourcecode.c.objc; path = RentPropertyDetailController.m; sourceTree = "<group>"; };
		B769E43F181F45AF00A2FF50 /* BaseFixedDetailController.h */ = {isa = PBXFileReference; fileEncoding = 4; lastKnownFileType = sourcecode.c.h; path = BaseFixedDetailController.h; sourceTree = "<group>"; };
		B769E440181F45AF00A2FF50 /* BaseFixedDetailController.m */ = {isa = PBXFileReference; fileEncoding = 4; lastKnownFileType = sourcecode.c.objc; path = BaseFixedDetailController.m; sourceTree = "<group>"; };
		B769E443181F462C00A2FF50 /* SaleFixedDetailController.h */ = {isa = PBXFileReference; fileEncoding = 4; lastKnownFileType = sourcecode.c.h; path = SaleFixedDetailController.h; sourceTree = "<group>"; };
		B769E444181F462C00A2FF50 /* SaleFixedDetailController.m */ = {isa = PBXFileReference; fileEncoding = 4; lastKnownFileType = sourcecode.c.objc; path = SaleFixedDetailController.m; sourceTree = "<group>"; };
		B769E44A181F4C3E00A2FF50 /* CommunityObject.h */ = {isa = PBXFileReference; fileEncoding = 4; lastKnownFileType = sourcecode.c.h; path = CommunityObject.h; sourceTree = "<group>"; };
		B769E44B181F4C3E00A2FF50 /* CommunityObject.m */ = {isa = PBXFileReference; fileEncoding = 4; lastKnownFileType = sourcecode.c.objc; path = CommunityObject.m; sourceTree = "<group>"; };
		B769E44C181F4C3E00A2FF50 /* FixedObject.h */ = {isa = PBXFileReference; fileEncoding = 4; lastKnownFileType = sourcecode.c.h; path = FixedObject.h; sourceTree = "<group>"; };
		B769E44D181F4C3E00A2FF50 /* FixedObject.m */ = {isa = PBXFileReference; fileEncoding = 4; lastKnownFileType = sourcecode.c.objc; path = FixedObject.m; sourceTree = "<group>"; };
		B769E451181F4D0100A2FF50 /* SaleFixedCell.h */ = {isa = PBXFileReference; fileEncoding = 4; lastKnownFileType = sourcecode.c.h; path = SaleFixedCell.h; sourceTree = "<group>"; };
		B769E452181F4D0100A2FF50 /* SaleFixedCell.m */ = {isa = PBXFileReference; fileEncoding = 4; lastKnownFileType = sourcecode.c.objc; path = SaleFixedCell.m; sourceTree = "<group>"; };
		B769E458181F547100A2FF50 /* BasePropertyListCell.h */ = {isa = PBXFileReference; fileEncoding = 4; lastKnownFileType = sourcecode.c.h; path = BasePropertyListCell.h; sourceTree = "<group>"; };
		B769E459181F547100A2FF50 /* BasePropertyListCell.m */ = {isa = PBXFileReference; fileEncoding = 4; lastKnownFileType = sourcecode.c.objc; path = BasePropertyListCell.m; sourceTree = "<group>"; };
		B769E45B181F54DE00A2FF50 /* PropertyObject.h */ = {isa = PBXFileReference; fileEncoding = 4; lastKnownFileType = sourcecode.c.h; path = PropertyObject.h; sourceTree = "<group>"; };
		B769E45C181F54DE00A2FF50 /* PropertyObject.m */ = {isa = PBXFileReference; fileEncoding = 4; lastKnownFileType = sourcecode.c.objc; path = PropertyObject.m; sourceTree = "<group>"; };
		B769E45E181F5F1200A2FF50 /* ModifyFixedCostController.h */ = {isa = PBXFileReference; fileEncoding = 4; lastKnownFileType = sourcecode.c.h; path = ModifyFixedCostController.h; sourceTree = "<group>"; };
		B769E45F181F5F1200A2FF50 /* ModifyFixedCostController.m */ = {isa = PBXFileReference; fileEncoding = 4; lastKnownFileType = sourcecode.c.objc; path = ModifyFixedCostController.m; sourceTree = "<group>"; };
		B769E461181F629B00A2FF50 /* BasePropertyDetailController.h */ = {isa = PBXFileReference; fileEncoding = 4; lastKnownFileType = sourcecode.c.h; path = BasePropertyDetailController.h; sourceTree = "<group>"; };
		B769E462181F629B00A2FF50 /* BasePropertyDetailController.m */ = {isa = PBXFileReference; fileEncoding = 4; lastKnownFileType = sourcecode.c.objc; path = BasePropertyDetailController.m; sourceTree = "<group>"; };
		B769E464181F62DB00A2FF50 /* SalePropertyDetailController.h */ = {isa = PBXFileReference; fileEncoding = 4; lastKnownFileType = sourcecode.c.h; path = SalePropertyDetailController.h; sourceTree = "<group>"; };
		B769E465181F62DB00A2FF50 /* SalePropertyDetailController.m */ = {isa = PBXFileReference; fileEncoding = 4; lastKnownFileType = sourcecode.c.objc; path = SalePropertyDetailController.m; sourceTree = "<group>"; };
		B769E467181F680D00A2FF50 /* PropertyDetailCell.h */ = {isa = PBXFileReference; fileEncoding = 4; lastKnownFileType = sourcecode.c.h; path = PropertyDetailCell.h; sourceTree = "<group>"; };
		B769E468181F680D00A2FF50 /* PropertyDetailCell.m */ = {isa = PBXFileReference; fileEncoding = 4; lastKnownFileType = sourcecode.c.objc; path = PropertyDetailCell.m; sourceTree = "<group>"; };
		B769E46A181F76A600A2FF50 /* BaseBidPlanController.h */ = {isa = PBXFileReference; fileEncoding = 4; lastKnownFileType = sourcecode.c.h; path = BaseBidPlanController.h; sourceTree = "<group>"; };
		B769E46B181F76A600A2FF50 /* BaseBidPlanController.m */ = {isa = PBXFileReference; fileEncoding = 4; lastKnownFileType = sourcecode.c.objc; path = BaseBidPlanController.m; sourceTree = "<group>"; };
		B769E46D181F76C600A2FF50 /* SaleBidPlanController.h */ = {isa = PBXFileReference; fileEncoding = 4; lastKnownFileType = sourcecode.c.h; path = SaleBidPlanController.h; sourceTree = "<group>"; };
		B769E46E181F76C600A2FF50 /* SaleBidPlanController.m */ = {isa = PBXFileReference; fileEncoding = 4; lastKnownFileType = sourcecode.c.objc; path = SaleBidPlanController.m; sourceTree = "<group>"; };
		B769E470181F805F00A2FF50 /* BaseBidDetailController.h */ = {isa = PBXFileReference; fileEncoding = 4; lastKnownFileType = sourcecode.c.h; path = BaseBidDetailController.h; sourceTree = "<group>"; };
		B769E471181F805F00A2FF50 /* BaseBidDetailController.m */ = {isa = PBXFileReference; fileEncoding = 4; lastKnownFileType = sourcecode.c.objc; path = BaseBidDetailController.m; sourceTree = "<group>"; };
		B769E473181F807500A2FF50 /* SaleBidDetailController.h */ = {isa = PBXFileReference; fileEncoding = 4; lastKnownFileType = sourcecode.c.h; path = SaleBidDetailController.h; sourceTree = "<group>"; };
		B769E474181F807500A2FF50 /* SaleBidDetailController.m */ = {isa = PBXFileReference; fileEncoding = 4; lastKnownFileType = sourcecode.c.objc; path = SaleBidDetailController.m; sourceTree = "<group>"; };
		B769E479181F82B000A2FF50 /* BaseBidPropertyCell.h */ = {isa = PBXFileReference; fileEncoding = 4; lastKnownFileType = sourcecode.c.h; path = BaseBidPropertyCell.h; sourceTree = "<group>"; };
		B769E47A181F82B000A2FF50 /* BaseBidPropertyCell.m */ = {isa = PBXFileReference; fileEncoding = 4; lastKnownFileType = sourcecode.c.objc; path = BaseBidPropertyCell.m; sourceTree = "<group>"; };
		B769E47C181F864200A2FF50 /* BaseBidPropertyController.h */ = {isa = PBXFileReference; fileEncoding = 4; lastKnownFileType = sourcecode.c.h; path = BaseBidPropertyController.h; sourceTree = "<group>"; };
		B769E47D181F864200A2FF50 /* BaseBidPropertyController.m */ = {isa = PBXFileReference; fileEncoding = 4; lastKnownFileType = sourcecode.c.objc; path = BaseBidPropertyController.m; sourceTree = "<group>"; };
		B769E47F181F86D300A2FF50 /* BidPropertyDetailController.h */ = {isa = PBXFileReference; fileEncoding = 4; lastKnownFileType = sourcecode.c.h; path = BidPropertyDetailController.h; sourceTree = "<group>"; };
		B769E480181F86D300A2FF50 /* BidPropertyDetailController.m */ = {isa = PBXFileReference; fileEncoding = 4; lastKnownFileType = sourcecode.c.objc; path = BidPropertyDetailController.m; sourceTree = "<group>"; };
		B769E482181F8F7000A2FF50 /* BasePropertyListController.h */ = {isa = PBXFileReference; fileEncoding = 4; lastKnownFileType = sourcecode.c.h; path = BasePropertyListController.h; sourceTree = "<group>"; };
		B769E483181F8F7000A2FF50 /* BasePropertyListController.m */ = {isa = PBXFileReference; fileEncoding = 4; lastKnownFileType = sourcecode.c.objc; path = BasePropertyListController.m; sourceTree = "<group>"; };
		B769E485181F8F9300A2FF50 /* SalePropertyListController.h */ = {isa = PBXFileReference; fileEncoding = 4; lastKnownFileType = sourcecode.c.h; path = SalePropertyListController.h; sourceTree = "<group>"; };
		B769E486181F8F9300A2FF50 /* SalePropertyListController.m */ = {isa = PBXFileReference; fileEncoding = 4; lastKnownFileType = sourcecode.c.objc; path = SalePropertyListController.m; sourceTree = "<group>"; };
		B769E48A181FA89000A2FF50 /* PPCGroupCell.h */ = {isa = PBXFileReference; fileEncoding = 4; lastKnownFileType = sourcecode.c.h; path = PPCGroupCell.h; sourceTree = "<group>"; };
		B769E48B181FA89000A2FF50 /* PPCGroupCell.m */ = {isa = PBXFileReference; fileEncoding = 4; lastKnownFileType = sourcecode.c.objc; path = PPCGroupCell.m; sourceTree = "<group>"; };
		B76E5975181E5676005B6A8C /* BaseNoPlanController.h */ = {isa = PBXFileReference; fileEncoding = 4; lastKnownFileType = sourcecode.c.h; path = BaseNoPlanController.h; sourceTree = "<group>"; };
		B76E5976181E5676005B6A8C /* BaseNoPlanController.m */ = {isa = PBXFileReference; fileEncoding = 4; lastKnownFileType = sourcecode.c.objc; path = BaseNoPlanController.m; sourceTree = "<group>"; };
		B76E5986181E5AD1005B6A8C /* BaseNoPlanListCell.h */ = {isa = PBXFileReference; fileEncoding = 4; lastKnownFileType = sourcecode.c.h; path = BaseNoPlanListCell.h; sourceTree = "<group>"; };
		B76E5987181E5AD1005B6A8C /* BaseNoPlanListCell.m */ = {isa = PBXFileReference; fileEncoding = 4; lastKnownFileType = sourcecode.c.objc; path = BaseNoPlanListCell.m; sourceTree = "<group>"; };
		B7E389FE182238CF002C6E8A /* anjuke_icon06_select@2x.png */ = {isa = PBXFileReference; lastKnownFileType = image.png; path = "anjuke_icon06_select@2x.png"; sourceTree = "<group>"; };
		B7E389FF182238CF002C6E8A /* anjuke_icon06_selected@2x.png */ = {isa = PBXFileReference; lastKnownFileType = image.png; path = "anjuke_icon06_selected@2x.png"; sourceTree = "<group>"; };
		B7E38A0918225FEC002C6E8A /* anjuke_icon07_arrow@2x.png */ = {isa = PBXFileReference; lastKnownFileType = image.png; path = "anjuke_icon07_arrow@2x.png"; sourceTree = "<group>"; };
		B7E803EB1820DD8000775C6F /* SaleSelectNoPlanController.h */ = {isa = PBXFileReference; fileEncoding = 4; lastKnownFileType = sourcecode.c.h; path = SaleSelectNoPlanController.h; sourceTree = "<group>"; };
		B7E803EC1820DD8000775C6F /* SaleSelectNoPlanController.m */ = {isa = PBXFileReference; fileEncoding = 4; lastKnownFileType = sourcecode.c.objc; path = SaleSelectNoPlanController.m; sourceTree = "<group>"; };
		B7E803EE1820E14000775C6F /* SaleNoPlanGroupController.h */ = {isa = PBXFileReference; fileEncoding = 4; lastKnownFileType = sourcecode.c.h; path = SaleNoPlanGroupController.h; sourceTree = "<group>"; };
		B7E803EF1820E14000775C6F /* SaleNoPlanGroupController.m */ = {isa = PBXFileReference; fileEncoding = 4; lastKnownFileType = sourcecode.c.objc; path = SaleNoPlanGroupController.m; sourceTree = "<group>"; };
		B7E803F11820F24400775C6F /* SaleNoPlanListCell.h */ = {isa = PBXFileReference; fileEncoding = 4; lastKnownFileType = sourcecode.c.h; path = SaleNoPlanListCell.h; sourceTree = "<group>"; };
		B7E803F21820F24400775C6F /* SaleNoPlanListCell.m */ = {isa = PBXFileReference; fileEncoding = 4; lastKnownFileType = sourcecode.c.objc; path = SaleNoPlanListCell.m; sourceTree = "<group>"; };
		B7EF148C18289CB6000B6016 /* RentBidDetailController.h */ = {isa = PBXFileReference; fileEncoding = 4; lastKnownFileType = sourcecode.c.h; path = RentBidDetailController.h; sourceTree = "<group>"; };
		B7EF148D18289CB6000B6016 /* RentBidDetailController.m */ = {isa = PBXFileReference; fileEncoding = 4; lastKnownFileType = sourcecode.c.objc; path = RentBidDetailController.m; sourceTree = "<group>"; };
/* End PBXFileReference section */

/* Begin PBXFrameworksBuildPhase section */
		9741054C180CDFE0004DAE95 /* Frameworks */ = {
			isa = PBXFrameworksBuildPhase;
			buildActionMask = 2147483647;
			files = (
				972C101A1814D4FF00552C9B /* TencentOpenAPI.framework in Frameworks */,
				97AED124180D23870072611B /* CoreLocation.framework in Frameworks */,
				97AED122180D237B0072611B /* SystemConfiguration.framework in Frameworks */,
				97AED120180D236B0072611B /* AssetsLibrary.framework in Frameworks */,
				97AED11E180D235D0072611B /* QuartzCore.framework in Frameworks */,
				97AED11C180D234D0072611B /* MapKit.framework in Frameworks */,
				97AED11A180D233F0072611B /* MessageUI.framework in Frameworks */,
				97AED118180D23300072611B /* CoreText.framework in Frameworks */,
				97AED116180D23210072611B /* libsqlite3.0.dylib in Frameworks */,
				97AED114180D23100072611B /* MobileCoreServices.framework in Frameworks */,
				97AED112180D22FE0072611B /* CFNetwork.framework in Frameworks */,
				97AED110180D22E20072611B /* libz.1.2.5.dylib in Frameworks */,
				97AED10E180D22AE0072611B /* CoreTelephony.framework in Frameworks */,
				97AED10C180D221B0072611B /* Security.framework in Frameworks */,
				97AED10A180D21F40072611B /* libstdc++.dylib in Frameworks */,
				97AED108180D21DB0072611B /* libicucore.dylib in Frameworks */,
				97AED106180D21BD0072611B /* AdSupport.framework in Frameworks */,
				97AED104180D21790072611B /* libRTCoreService.a in Frameworks */,
				97410555180CDFE0004DAE95 /* CoreGraphics.framework in Frameworks */,
				97410559180CDFE0004DAE95 /* CoreData.framework in Frameworks */,
				97410557180CDFE0004DAE95 /* UIKit.framework in Frameworks */,
				97410553180CDFE0004DAE95 /* Foundation.framework in Frameworks */,
			);
			runOnlyForDeploymentPostprocessing = 0;
		};
		9741056C180CDFE1004DAE95 /* Frameworks */ = {
			isa = PBXFrameworksBuildPhase;
			buildActionMask = 2147483647;
			files = (
				97410571180CDFE1004DAE95 /* XCTest.framework in Frameworks */,
				97410574180CDFE1004DAE95 /* CoreData.framework in Frameworks */,
				97410573180CDFE1004DAE95 /* UIKit.framework in Frameworks */,
				97410572180CDFE1004DAE95 /* Foundation.framework in Frameworks */,
			);
			runOnlyForDeploymentPostprocessing = 0;
		};
/* End PBXFrameworksBuildPhase section */

/* Begin PBXGroup section */
		970B78D8182010B600C8E3C6 /* Util */ = {
			isa = PBXGroup;
			children = (
				970B78DA182010EE00C8E3C6 /* Util_UI.h */,
				970B78DB182010EE00C8E3C6 /* Util_UI.m */,
				97958360182229AF005EA48A /* Util_TEXT.h */,
				97958361182229AF005EA48A /* Util_TEXT.m */,
			);
			name = Util;
			sourceTree = "<group>";
		};
		972C10231814FC3800552C9B /* 首页+发房 */ = {
			isa = PBXGroup;
			children = (
				972C10271814FCD300552C9B /* HomeViewController.h */,
				972C10281814FCD300552C9B /* HomeViewController.m */,
				9795835A18220045005EA48A /* 系统消息 */,
				972C10361815311700552C9B /* 发房 */,
			);
			name = "首页+发房";
			sourceTree = "<group>";
		};
		972C10241814FC4C00552C9B /* 二手房业务管理 */ = {
			isa = PBXGroup;
			children = (
				B769E488181F968900A2FF50 /* Controllers */,
				B769E450181F4CCB00A2FF50 /* View */,
				972C102A1814FD4500552C9B /* AnjukeHomeViewController.h */,
				972C102B1814FD4500552C9B /* AnjukeHomeViewController.m */,
				B76E5975181E5676005B6A8C /* BaseNoPlanController.h */,
				B76E5976181E5676005B6A8C /* BaseNoPlanController.m */,
				B769E43F181F45AF00A2FF50 /* BaseFixedDetailController.h */,
				B769E440181F45AF00A2FF50 /* BaseFixedDetailController.m */,
				B769E461181F629B00A2FF50 /* BasePropertyDetailController.h */,
				B769E462181F629B00A2FF50 /* BasePropertyDetailController.m */,
				B769E46A181F76A600A2FF50 /* BaseBidPlanController.h */,
				B769E46B181F76A600A2FF50 /* BaseBidPlanController.m */,
				B769E470181F805F00A2FF50 /* BaseBidDetailController.h */,
				B769E471181F805F00A2FF50 /* BaseBidDetailController.m */,
				B769E47C181F864200A2FF50 /* BaseBidPropertyController.h */,
				B769E47D181F864200A2FF50 /* BaseBidPropertyController.m */,
				B769E482181F8F7000A2FF50 /* BasePropertyListController.h */,
				B769E483181F8F7000A2FF50 /* BasePropertyListController.m */,
			);
			name = "二手房业务管理";
			sourceTree = "<group>";
		};
		972C10251814FC7500552C9B /* 租房业务管理 */ = {
			isa = PBXGroup;
			children = (
				B72109431827761000904FC7 /* Controllers */,
				B72109451827761800904FC7 /* View */,
				972C102D1814FD5900552C9B /* HaozuHomeViewController.h */,
				972C102E1814FD5900552C9B /* HaozuHomeViewController.m */,
			);
			name = "租房业务管理";
			sourceTree = "<group>";
		};
		972C10261814FC8800552C9B /* 更多 */ = {
			isa = PBXGroup;
			children = (
				972C10301814FDC400552C9B /* MoreViewController.h */,
				972C10311814FDC400552C9B /* MoreViewController.m */,
				97DED8AB18234BB100D0B82A /* MoreListCell.h */,
				97DED8AC18234BB100D0B82A /* MoreListCell.m */,
			);
			name = "更多";
			sourceTree = "<group>";
		};
		972C1033181504FE00552C9B /* Resources */ = {
			isa = PBXGroup;
			children = (
				972C10351815053100552C9B /* Images */,
				97410569180CDFE0004DAE95 /* Images.xcassets */,
				97410566180CDFE0004DAE95 /* AnjukeBroker_New.xcdatamodeld */,
			);
			name = Resources;
			sourceTree = "<group>";
		};
		972C10341815051A00552C9B /* AppDelegate */ = {
			isa = PBXGroup;
			children = (
				97410563180CDFE0004DAE95 /* AppDelegate.h */,
				97410564180CDFE0004DAE95 /* AppDelegate.m */,
				976AC60D18278B45003A2B3A /* Login */,
				972DDA261826A49600263F8F /* TabBarController */,
			);
			name = AppDelegate;
			sourceTree = "<group>";
		};
		972C10351815053100552C9B /* Images */ = {
			isa = PBXGroup;
			children = (
				97DED8B71823999700D0B82A /* anjuke_icon11_@2x.png */,
				97DED8A4182343E500D0B82A /* anjuke_icon08_attention@2x.png */,
				97DED8A5182343E500D0B82A /* anjuke_icon09_stop@2x.png */,
				97DED8A6182343E500D0B82A /* anjuke_icon09_woking@2x.png */,
				B7E38A0918225FEC002C6E8A /* anjuke_icon07_arrow@2x.png */,
				9795838318224F35005EA48A /* TabMore_normal@2x.png */,
				9795837118224ABF005EA48A /* TabAnjuke_normal@2x.png */,
				9795837318224ABF005EA48A /* TabHaozu_normal@2x.png */,
				9795837518224ABF005EA48A /* TabHome_normal@2x.png */,
				B7E389FE182238CF002C6E8A /* anjuke_icon06_select@2x.png */,
				B7E389FF182238CF002C6E8A /* anjuke_icon06_selected@2x.png */,
				9795838B18225B93005EA48A /* anjuke_icon05_photo_selected@2x.png */,
				9795838C18225B93005EA48A /* anjuke_icon05_photo@2x.png */,
				B76E597D181E5A27005B6A8C /* Temp */,
			);
			name = Images;
			sourceTree = "<group>";
		};
		972C10361815311700552C9B /* 发房 */ = {
			isa = PBXGroup;
			children = (
				97B42264182107B700A2E9E6 /* 房源编辑 */,
				97B422531820B6E700A2E9E6 /* 定价组List&竞价&结果页 */,
			);
			name = "发房";
			sourceTree = "<group>";
		};
		972DDA261826A49600263F8F /* TabBarController */ = {
			isa = PBXGroup;
			children = (
				97C97B441810DD34006E538B /* TabBarViewController.h */,
				97C97B451810DD34006E538B /* TabBarViewController.m */,
				972DDA281826A4CA00263F8F /* RTNavigationController.h */,
				972DDA291826A4CA00263F8F /* RTNavigationController.m */,
			);
			name = TabBarController;
			sourceTree = "<group>";
		};
		972DDA2D1826D34600263F8F /* 底层、定制ViewController */ = {
			isa = PBXGroup;
			children = (
				97410587180CE0FC004DAE95 /* RootViewController.h */,
				97410588180CE0FC004DAE95 /* RootViewController.m */,
				97CD8D42180E6D6E00185C9D /* RTViewController.h */,
				97CD8D43180E6D6E00185C9D /* RTViewController.m */,
				972DDA2E1826D39500263F8F /* RTPopoverTableViewController.h */,
				972DDA2F1826D39500263F8F /* RTPopoverTableViewController.m */,
			);
			name = "底层、定制ViewController";
			sourceTree = "<group>";
		};
		97410546180CDFE0004DAE95 = {
			isa = PBXGroup;
			children = (
				97AED0F5180D20100072611B /* RTCoreService.xcodeproj */,
				9741055A180CDFE0004DAE95 /* AnjukeBroker_New */,
				97410577180CDFE1004DAE95 /* AnjukeBroker_NewTests */,
				97410551180CDFE0004DAE95 /* Frameworks */,
				97410550180CDFE0004DAE95 /* Products */,
			);
			sourceTree = "<group>";
		};
		97410550180CDFE0004DAE95 /* Products */ = {
			isa = PBXGroup;
			children = (
				9741054F180CDFE0004DAE95 /* AnjukeBroker_New.app */,
				9741056F180CDFE1004DAE95 /* AnjukeBroker_NewTests.xctest */,
			);
			name = Products;
			sourceTree = "<group>";
		};
		97410551180CDFE0004DAE95 /* Frameworks */ = {
			isa = PBXGroup;
			children = (
				972C10191814D4FF00552C9B /* TencentOpenAPI.framework */,
				97AED123180D23870072611B /* CoreLocation.framework */,
				97AED121180D237B0072611B /* SystemConfiguration.framework */,
				97AED11F180D236B0072611B /* AssetsLibrary.framework */,
				97AED11D180D235D0072611B /* QuartzCore.framework */,
				97AED11B180D234D0072611B /* MapKit.framework */,
				97AED119180D233F0072611B /* MessageUI.framework */,
				97AED117180D23300072611B /* CoreText.framework */,
				97AED115180D23210072611B /* libsqlite3.0.dylib */,
				97AED113180D23100072611B /* MobileCoreServices.framework */,
				97AED111180D22FE0072611B /* CFNetwork.framework */,
				97AED10F180D22E20072611B /* libz.1.2.5.dylib */,
				97AED10D180D22AE0072611B /* CoreTelephony.framework */,
				97AED10B180D221B0072611B /* Security.framework */,
				97AED109180D21F40072611B /* libstdc++.dylib */,
				97AED107180D21DB0072611B /* libicucore.dylib */,
				97AED105180D21BD0072611B /* AdSupport.framework */,
				97410552180CDFE0004DAE95 /* Foundation.framework */,
				97410554180CDFE0004DAE95 /* CoreGraphics.framework */,
				97410556180CDFE0004DAE95 /* UIKit.framework */,
				97410558180CDFE0004DAE95 /* CoreData.framework */,
				97410570180CDFE1004DAE95 /* XCTest.framework */,
			);
			name = Frameworks;
			sourceTree = "<group>";
		};
		9741055A180CDFE0004DAE95 /* AnjukeBroker_New */ = {
			isa = PBXGroup;
			children = (
				B769E446181F4BE800A2FF50 /* Model */,
				97A0F01E181621AA00C31D83 /* UIView&Util */,
				97FD0B5E18157BB50072FB5E /* DataManager */,
				972C10341815051A00552C9B /* AppDelegate */,
				97CD8D40180E6D0D00185C9D /* ViewControllers */,
				972C1033181504FE00552C9B /* Resources */,
				9741055B180CDFE0004DAE95 /* Supporting Files */,
			);
			path = AnjukeBroker_New;
			sourceTree = "<group>";
		};
		9741055B180CDFE0004DAE95 /* Supporting Files */ = {
			isa = PBXGroup;
			children = (
				9741055C180CDFE0004DAE95 /* AnjukeBroker_New-Info.plist */,
				9741055D180CDFE0004DAE95 /* InfoPlist.strings */,
				97410560180CDFE0004DAE95 /* main.m */,
				97410562180CDFE0004DAE95 /* AnjukeBroker_New-Prefix.pch */,
			);
			name = "Supporting Files";
			sourceTree = "<group>";
		};
		97410577180CDFE1004DAE95 /* AnjukeBroker_NewTests */ = {
			isa = PBXGroup;
			children = (
				9741057D180CDFE1004DAE95 /* AnjukeBroker_NewTests.m */,
				97410578180CDFE1004DAE95 /* Supporting Files */,
			);
			path = AnjukeBroker_NewTests;
			sourceTree = "<group>";
		};
		97410578180CDFE1004DAE95 /* Supporting Files */ = {
			isa = PBXGroup;
			children = (
				97410579180CDFE1004DAE95 /* AnjukeBroker_NewTests-Info.plist */,
				9741057A180CDFE1004DAE95 /* InfoPlist.strings */,
			);
			name = "Supporting Files";
			sourceTree = "<group>";
		};
		974E5C7B181E4129000246D1 /* TableViewCell */ = {
			isa = PBXGroup;
			children = (
				974E5C7D181E417F000246D1 /* RTListCell.h */,
				974E5C7E181E417F000246D1 /* RTListCell.m */,
			);
			name = TableViewCell;
			sourceTree = "<group>";
		};
		976AC60D18278B45003A2B3A /* Login */ = {
			isa = PBXGroup;
			children = (
				976AC60F18278B5C003A2B3A /* LoginViewController.h */,
				976AC61018278B5C003A2B3A /* LoginViewController.m */,
			);
			name = Login;
			sourceTree = "<group>";
		};
		9795835A18220045005EA48A /* 系统消息 */ = {
			isa = PBXGroup;
			children = (
				979583561821FF2B005EA48A /* SystemMessageViewController.h */,
				979583571821FF2B005EA48A /* SystemMessageViewController.m */,
				9795835B1822014A005EA48A /* SystemMessageCell.h */,
				9795835C1822014A005EA48A /* SystemMessageCell.m */,
			);
			name = "系统消息";
			sourceTree = "<group>";
		};
		97958367182231EE005EA48A /* 发房cell */ = {
			isa = PBXGroup;
			children = (
				974E5C8A181E4D45000246D1 /* AnjukeNormalCell.h */,
				974E5C8B181E4D45000246D1 /* AnjukeNormalCell.m */,
				974E5C80181E4210000246D1 /* AnjukeEditableCell.h */,
				974E5C81181E4210000246D1 /* AnjukeEditableCell.m */,
			);
			name = "发房cell";
			sourceTree = "<group>";
		};
		9795836818223210005EA48A /* 定价竞价cell */ = {
			isa = PBXGroup;
			children = (
				97B422581820DB8300A2E9E6 /* AnjukePropertyGroupCell.h */,
				97B422591820DB8300A2E9E6 /* AnjukePropertyGroupCell.m */,
			);
			name = "定价竞价cell";
			sourceTree = "<group>";
		};
		97A0F01E181621AA00C31D83 /* UIView&Util */ = {
			isa = PBXGroup;
			children = (
				970B78D8182010B600C8E3C6 /* Util */,
				97A0F0201816227A00C31D83 /* BrokerLineView.h */,
				97A0F0211816227A00C31D83 /* BrokerLineView.m */,
				97A0F026181653A600C31D83 /* RTInputPickerView.h */,
				97A0F027181653A600C31D83 /* RTInputPickerView.m */,
				975D9DDF181B69A700A421AF /* KeyboardToolBar.h */,
				975D9DE0181B69A700A421AF /* KeyboardToolBar.m */,
				97192EE51818FEF7007971BA /* PhotoButton.h */,
				97192EE61818FEF7007971BA /* PhotoButton.m */,
				974E5C7B181E4129000246D1 /* TableViewCell */,
			);
			name = "UIView&Util";
			sourceTree = "<group>";
		};
		97A606831816D0A30041B367 /* 发布房源Model */ = {
			isa = PBXGroup;
			children = (
				97FD0B6018157BEC0072FB5E /* PropertyDataManager.h */,
				97FD0B6118157BEC0072FB5E /* PropertyDataManager.m */,
				97A6067F1816C2A50041B367 /* InputOrderManager.h */,
				97A606801816C2A50041B367 /* InputOrderManager.m */,
			);
			name = "发布房源Model";
			sourceTree = "<group>";
		};
		97AED0F6180D20100072611B /* Products */ = {
			isa = PBXGroup;
			children = (
				97AED0FD180D20110072611B /* libRTCoreService.a */,
			);
			name = Products;
			sourceTree = "<group>";
		};
		97B422531820B6E700A2E9E6 /* 定价组List&竞价&结果页 */ = {
			isa = PBXGroup;
			children = (
				9795836818223210005EA48A /* 定价竞价cell */,
				97B422551820D9A600A2E9E6 /* PropertyGroupListViewController.h */,
				97B422561820D9A600A2E9E6 /* PropertyGroupListViewController.m */,
				97B4225B1820E36600A2E9E6 /* PropertyAuctionViewController.h */,
				97B4225C1820E36600A2E9E6 /* PropertyAuctionViewController.m */,
				97B4225E1820E38200A2E9E6 /* PropertyResultListViewController.h */,
				97B4225F1820E38200A2E9E6 /* PropertyResultListViewController.m */,
			);
			name = "定价组List&竞价&结果页";
			sourceTree = "<group>";
		};
		97B42264182107B700A2E9E6 /* 房源编辑 */ = {
			isa = PBXGroup;
			children = (
				97958367182231EE005EA48A /* 发房cell */,
				972C10371815351900552C9B /* AnjukeEditPropertyViewController.h */,
				972C10381815351900552C9B /* AnjukeEditPropertyViewController.m */,
				97B422661821087600A2E9E6 /* PropertyBigImageViewController.h */,
				97B422671821087600A2E9E6 /* PropertyBigImageViewController.m */,
				974E5C87181E4B00000246D1 /* AnjukeEditableTV_DataSource.h */,
				974E5C88181E4B00000246D1 /* AnjukeEditableTV_DataSource.m */,
				977FCA8D182894F000945FB4 /* CommunityListViewController.h */,
				977FCA8E182894F000945FB4 /* CommunityListViewController.m */,
			);
			name = "房源编辑";
			sourceTree = "<group>";
		};
		97CD8D40180E6D0D00185C9D /* ViewControllers */ = {
			isa = PBXGroup;
			children = (
				972DDA2D1826D34600263F8F /* 底层、定制ViewController */,
				972C10231814FC3800552C9B /* 首页+发房 */,
				972C10251814FC7500552C9B /* 租房业务管理 */,
				972C10241814FC4C00552C9B /* 二手房业务管理 */,
				972C10261814FC8800552C9B /* 更多 */,
			);
			name = ViewControllers;
			sourceTree = "<group>";
		};
		97FD0B5E18157BB50072FB5E /* DataManager */ = {
			isa = PBXGroup;
			children = (
				97A606831816D0A30041B367 /* 发布房源Model */,
			);
			name = DataManager;
			sourceTree = "<group>";
		};
		B72109431827761000904FC7 /* Controllers */ = {
			isa = PBXGroup;
			children = (
				B7210946182778C100904FC7 /* RentNoPlanListController.h */,
				B7210947182778C100904FC7 /* RentNoPlanListController.m */,
				B721094918277CE100904FC7 /* RentFixedDetailController.h */,
				B721094A18277CE100904FC7 /* RentFixedDetailController.m */,
				B72109591827976500904FC7 /* RentNoPlanController.h */,
				B721095A1827976500904FC7 /* RentNoPlanController.m */,
				B721095C18279D0700904FC7 /* RentPropertyDetailController.h */,
				B721095D18279D0700904FC7 /* RentPropertyDetailController.m */,
				B7EF148C18289CB6000B6016 /* RentBidDetailController.h */,
				B7EF148D18289CB6000B6016 /* RentBidDetailController.m */,
			);
			name = Controllers;
			sourceTree = "<group>";
		};
		B72109451827761800904FC7 /* View */ = {
			isa = PBXGroup;
			children = (
				B7210950182785A400904FC7 /* RentFixedCell.h */,
				B7210951182785A400904FC7 /* RentFixedCell.m */,
				B721095618278E6000904FC7 /* RentPropertyListCell.h */,
				B721095718278E6000904FC7 /* RentPropertyListCell.m */,
			);
			name = View;
			sourceTree = "<group>";
		};
		B721094C18277F1C00904FC7 /* BaseView */ = {
			isa = PBXGroup;
			children = (
				B721094D18277F8A00904FC7 /* BaseFixedCell.h */,
				B721094E18277F8A00904FC7 /* BaseFixedCell.m */,
				B769E458181F547100A2FF50 /* BasePropertyListCell.h */,
				B769E459181F547100A2FF50 /* BasePropertyListCell.m */,
			);
			name = BaseView;
			sourceTree = "<group>";
		};
		B769E446181F4BE800A2FF50 /* Model */ = {
			isa = PBXGroup;
			children = (
				B769E449181F4C0B00A2FF50 /* Manager */,
				B769E448181F4C0300A2FF50 /* CoreData */,
				B769E447181F4BF700A2FF50 /* BaseObject */,
			);
			name = Model;
			sourceTree = "<group>";
		};
		B769E447181F4BF700A2FF50 /* BaseObject */ = {
			isa = PBXGroup;
			children = (
			);
			name = BaseObject;
			sourceTree = "<group>";
		};
		B769E448181F4C0300A2FF50 /* CoreData */ = {
			isa = PBXGroup;
			children = (
				B769E44A181F4C3E00A2FF50 /* CommunityObject.h */,
				B769E44B181F4C3E00A2FF50 /* CommunityObject.m */,
				B769E44C181F4C3E00A2FF50 /* FixedObject.h */,
				B769E44D181F4C3E00A2FF50 /* FixedObject.m */,
				B769E45B181F54DE00A2FF50 /* PropertyObject.h */,
				B769E45C181F54DE00A2FF50 /* PropertyObject.m */,
			);
			name = CoreData;
			sourceTree = "<group>";
		};
		B769E449181F4C0B00A2FF50 /* Manager */ = {
			isa = PBXGroup;
			children = (
				977FCA9B1828FAD700945FB4 /* LoginManager.h */,
				977FCA9C1828FAD700945FB4 /* LoginManager.m */,
			);
			name = Manager;
			sourceTree = "<group>";
		};
		B769E450181F4CCB00A2FF50 /* View */ = {
			isa = PBXGroup;
			children = (
				B721094C18277F1C00904FC7 /* BaseView */,
				B76E5986181E5AD1005B6A8C /* BaseNoPlanListCell.h */,
				B76E5987181E5AD1005B6A8C /* BaseNoPlanListCell.m */,
				B7E803F11820F24400775C6F /* SaleNoPlanListCell.h */,
				B7E803F21820F24400775C6F /* SaleNoPlanListCell.m */,
				B769E451181F4D0100A2FF50 /* SaleFixedCell.h */,
				B769E452181F4D0100A2FF50 /* SaleFixedCell.m */,
				B769E467181F680D00A2FF50 /* PropertyDetailCell.h */,
				B769E468181F680D00A2FF50 /* PropertyDetailCell.m */,
				B769E479181F82B000A2FF50 /* BaseBidPropertyCell.h */,
				B769E47A181F82B000A2FF50 /* BaseBidPropertyCell.m */,
				B769E48A181FA89000A2FF50 /* PPCGroupCell.h */,
				B769E48B181FA89000A2FF50 /* PPCGroupCell.m */,
				B721095318278B4E00904FC7 /* SalePropertyListCell.h */,
				B721095418278B4E00904FC7 /* SalePropertyListCell.m */,
			);
			name = View;
			sourceTree = "<group>";
		};
		B769E488181F968900A2FF50 /* Controllers */ = {
			isa = PBXGroup;
			children = (
				B769E443181F462C00A2FF50 /* SaleFixedDetailController.h */,
				B769E444181F462C00A2FF50 /* SaleFixedDetailController.m */,
				B769E45E181F5F1200A2FF50 /* ModifyFixedCostController.h */,
				B769E45F181F5F1200A2FF50 /* ModifyFixedCostController.m */,
				B769E464181F62DB00A2FF50 /* SalePropertyDetailController.h */,
				B769E465181F62DB00A2FF50 /* SalePropertyDetailController.m */,
				B769E46D181F76C600A2FF50 /* SaleBidPlanController.h */,
				B769E46E181F76C600A2FF50 /* SaleBidPlanController.m */,
				B769E473181F807500A2FF50 /* SaleBidDetailController.h */,
				B769E474181F807500A2FF50 /* SaleBidDetailController.m */,
				B769E47F181F86D300A2FF50 /* BidPropertyDetailController.h */,
				B769E480181F86D300A2FF50 /* BidPropertyDetailController.m */,
				B769E485181F8F9300A2FF50 /* SalePropertyListController.h */,
				B769E486181F8F9300A2FF50 /* SalePropertyListController.m */,
				B7E803EB1820DD8000775C6F /* SaleSelectNoPlanController.h */,
				B7E803EC1820DD8000775C6F /* SaleSelectNoPlanController.m */,
				B7E803EE1820E14000775C6F /* SaleNoPlanGroupController.h */,
				B7E803EF1820E14000775C6F /* SaleNoPlanGroupController.m */,
			);
			name = Controllers;
			sourceTree = "<group>";
		};
		B76E597D181E5A27005B6A8C /* Temp */ = {
			isa = PBXGroup;
			children = (
			);
			name = Temp;
			sourceTree = "<group>";
		};
/* End PBXGroup section */

/* Begin PBXNativeTarget section */
		9741054E180CDFE0004DAE95 /* AnjukeBroker_New */ = {
			isa = PBXNativeTarget;
			buildConfigurationList = 97410581180CDFE1004DAE95 /* Build configuration list for PBXNativeTarget "AnjukeBroker_New" */;
			buildPhases = (
				9741054B180CDFE0004DAE95 /* Sources */,
				9741054C180CDFE0004DAE95 /* Frameworks */,
				9741054D180CDFE0004DAE95 /* Resources */,
			);
			buildRules = (
			);
			dependencies = (
				97AED0FF180D20340072611B /* PBXTargetDependency */,
			);
			name = AnjukeBroker_New;
			productName = AnjukeBroker_New;
			productReference = 9741054F180CDFE0004DAE95 /* AnjukeBroker_New.app */;
			productType = "com.apple.product-type.application";
		};
		9741056E180CDFE1004DAE95 /* AnjukeBroker_NewTests */ = {
			isa = PBXNativeTarget;
			buildConfigurationList = 97410584180CDFE1004DAE95 /* Build configuration list for PBXNativeTarget "AnjukeBroker_NewTests" */;
			buildPhases = (
				9741056B180CDFE1004DAE95 /* Sources */,
				9741056C180CDFE1004DAE95 /* Frameworks */,
				9741056D180CDFE1004DAE95 /* Resources */,
			);
			buildRules = (
			);
			dependencies = (
				97410576180CDFE1004DAE95 /* PBXTargetDependency */,
			);
			name = AnjukeBroker_NewTests;
			productName = AnjukeBroker_NewTests;
			productReference = 9741056F180CDFE1004DAE95 /* AnjukeBroker_NewTests.xctest */;
			productType = "com.apple.product-type.bundle.unit-test";
		};
/* End PBXNativeTarget section */

/* Begin PBXProject section */
		97410547180CDFE0004DAE95 /* Project object */ = {
			isa = PBXProject;
			attributes = {
				LastUpgradeCheck = 0500;
				ORGANIZATIONNAME = "Wu sicong";
				TargetAttributes = {
					9741054E180CDFE0004DAE95 = {
						DevelopmentTeam = D23ZWZQP84;
					};
					9741056E180CDFE1004DAE95 = {
						TestTargetID = 9741054E180CDFE0004DAE95;
					};
				};
			};
			buildConfigurationList = 9741054A180CDFE0004DAE95 /* Build configuration list for PBXProject "AnjukeBroker_New" */;
			compatibilityVersion = "Xcode 3.2";
			developmentRegion = English;
			hasScannedForEncodings = 0;
			knownRegions = (
				en,
			);
			mainGroup = 97410546180CDFE0004DAE95;
			productRefGroup = 97410550180CDFE0004DAE95 /* Products */;
			projectDirPath = "";
			projectReferences = (
				{
					ProductGroup = 97AED0F6180D20100072611B /* Products */;
					ProjectRef = 97AED0F5180D20100072611B /* RTCoreService.xcodeproj */;
				},
			);
			projectRoot = "";
			targets = (
				9741054E180CDFE0004DAE95 /* AnjukeBroker_New */,
				9741056E180CDFE1004DAE95 /* AnjukeBroker_NewTests */,
			);
		};
/* End PBXProject section */

/* Begin PBXReferenceProxy section */
		97AED0FD180D20110072611B /* libRTCoreService.a */ = {
			isa = PBXReferenceProxy;
			fileType = archive.ar;
			path = libRTCoreService.a;
			remoteRef = 97AED0FC180D20110072611B /* PBXContainerItemProxy */;
			sourceTree = BUILT_PRODUCTS_DIR;
		};
/* End PBXReferenceProxy section */

/* Begin PBXResourcesBuildPhase section */
		9741054D180CDFE0004DAE95 /* Resources */ = {
			isa = PBXResourcesBuildPhase;
			buildActionMask = 2147483647;
			files = (
				97DED8A8182343E500D0B82A /* anjuke_icon09_stop@2x.png in Resources */,
				97DED8A9182343E500D0B82A /* anjuke_icon09_woking@2x.png in Resources */,
				9795838418224F35005EA48A /* TabMore_normal@2x.png in Resources */,
				9795838D18225B93005EA48A /* anjuke_icon05_photo_selected@2x.png in Resources */,
				9795837A18224ABF005EA48A /* TabAnjuke_normal@2x.png in Resources */,
				9795837C18224ABF005EA48A /* TabHaozu_normal@2x.png in Resources */,
				9795838E18225B93005EA48A /* anjuke_icon05_photo@2x.png in Resources */,
				9741055F180CDFE0004DAE95 /* InfoPlist.strings in Resources */,
				97DED8B81823999700D0B82A /* anjuke_icon11_@2x.png in Resources */,
				9741056A180CDFE0004DAE95 /* Images.xcassets in Resources */,
				B7E38A01182238CF002C6E8A /* anjuke_icon06_selected@2x.png in Resources */,
				B7E38A00182238CF002C6E8A /* anjuke_icon06_select@2x.png in Resources */,
				B7E38A0A18225FEC002C6E8A /* anjuke_icon07_arrow@2x.png in Resources */,
				97DED8A7182343E500D0B82A /* anjuke_icon08_attention@2x.png in Resources */,
				9795837E18224ABF005EA48A /* TabHome_normal@2x.png in Resources */,
			);
			runOnlyForDeploymentPostprocessing = 0;
		};
		9741056D180CDFE1004DAE95 /* Resources */ = {
			isa = PBXResourcesBuildPhase;
			buildActionMask = 2147483647;
			files = (
				9741057C180CDFE1004DAE95 /* InfoPlist.strings in Resources */,
			);
			runOnlyForDeploymentPostprocessing = 0;
		};
/* End PBXResourcesBuildPhase section */

/* Begin PBXSourcesBuildPhase section */
		9741054B180CDFE0004DAE95 /* Sources */ = {
			isa = PBXSourcesBuildPhase;
			buildActionMask = 2147483647;
			files = (
				B769E487181F8F9300A2FF50 /* SalePropertyListController.m in Sources */,
				B769E441181F45AF00A2FF50 /* BaseFixedDetailController.m in Sources */,
				B769E46F181F76C600A2FF50 /* SaleBidPlanController.m in Sources */,
				B769E445181F462C00A2FF50 /* SaleFixedDetailController.m in Sources */,
				97A0F028181653A600C31D83 /* RTInputPickerView.m in Sources */,
				97A606811816C2A50041B367 /* InputOrderManager.m in Sources */,
				97B4225A1820DB8300A2E9E6 /* AnjukePropertyGroupCell.m in Sources */,
				97B422681821087600A2E9E6 /* PropertyBigImageViewController.m in Sources */,
				B769E46C181F76A600A2FF50 /* BaseBidPlanController.m in Sources */,
				972DDA301826D39500263F8F /* RTPopoverTableViewController.m in Sources */,
				972C10321814FDC400552C9B /* MoreViewController.m in Sources */,
				B7210952182785A400904FC7 /* RentFixedCell.m in Sources */,
				B7E803F31820F24400775C6F /* SaleNoPlanListCell.m in Sources */,
				970B78DC182010EE00C8E3C6 /* Util_UI.m in Sources */,
				975D9DE1181B69A700A421AF /* KeyboardToolBar.m in Sources */,
				B721095B1827976500904FC7 /* RentNoPlanController.m in Sources */,
				97410568180CDFE0004DAE95 /* AnjukeBroker_New.xcdatamodeld in Sources */,
				B769E469181F680D00A2FF50 /* PropertyDetailCell.m in Sources */,
				97FD0B6218157BEC0072FB5E /* PropertyDataManager.m in Sources */,
				97410565180CDFE0004DAE95 /* AppDelegate.m in Sources */,
				B769E47B181F82B000A2FF50 /* BaseBidPropertyCell.m in Sources */,
				977FCA8F182894F000945FB4 /* CommunityListViewController.m in Sources */,
				979583581821FF2B005EA48A /* SystemMessageViewController.m in Sources */,
				B769E45D181F54DE00A2FF50 /* PropertyObject.m in Sources */,
				97B4225D1820E36600A2E9E6 /* PropertyAuctionViewController.m in Sources */,
				97CD8D44180E6D6E00185C9D /* RTViewController.m in Sources */,
				974E5C89181E4B00000246D1 /* AnjukeEditableTV_DataSource.m in Sources */,
				972C10391815351900552C9B /* AnjukeEditPropertyViewController.m in Sources */,
				B769E47E181F864200A2FF50 /* BaseBidPropertyController.m in Sources */,
				B7E803F01820E14000775C6F /* SaleNoPlanGroupController.m in Sources */,
				97410589180CE0FC004DAE95 /* RootViewController.m in Sources */,
				B769E472181F805F00A2FF50 /* BaseBidDetailController.m in Sources */,
				B769E48C181FA89000A2FF50 /* PPCGroupCell.m in Sources */,
				972C102C1814FD4500552C9B /* AnjukeHomeViewController.m in Sources */,
				B769E466181F62DB00A2FF50 /* SalePropertyDetailController.m in Sources */,
				974E5C82181E4210000246D1 /* AnjukeEditableCell.m in Sources */,
				B769E463181F629B00A2FF50 /* BasePropertyDetailController.m in Sources */,
				9795835D1822014A005EA48A /* SystemMessageCell.m in Sources */,
				972DDA2A1826A4CA00263F8F /* RTNavigationController.m in Sources */,
				B769E453181F4D0100A2FF50 /* SaleFixedCell.m in Sources */,
				972C10291814FCD300552C9B /* HomeViewController.m in Sources */,
				977FCA9D1828FAD700945FB4 /* LoginManager.m in Sources */,
				B769E44F181F4C3E00A2FF50 /* FixedObject.m in Sources */,
				97B422601820E38200A2E9E6 /* PropertyResultListViewController.m in Sources */,
				B769E484181F8F7000A2FF50 /* BasePropertyListController.m in Sources */,
				B769E45A181F547100A2FF50 /* BasePropertyListCell.m in Sources */,
				B769E460181F5F1200A2FF50 /* ModifyFixedCostController.m in Sources */,
				B769E44E181F4C3E00A2FF50 /* CommunityObject.m in Sources */,
				976AC61118278B5C003A2B3A /* LoginViewController.m in Sources */,
				97410561180CDFE0004DAE95 /* main.m in Sources */,
				972C102F1814FD5900552C9B /* HaozuHomeViewController.m in Sources */,
				B7210948182778C100904FC7 /* RentNoPlanListController.m in Sources */,
				974E5C8C181E4D45000246D1 /* AnjukeNormalCell.m in Sources */,
				B721095E18279D0800904FC7 /* RentPropertyDetailController.m in Sources */,
				B769E475181F807500A2FF50 /* SaleBidDetailController.m in Sources */,
				B7E803ED1820DD8000775C6F /* SaleSelectNoPlanController.m in Sources */,
				B769E481181F86D300A2FF50 /* BidPropertyDetailController.m in Sources */,
				97958362182229AF005EA48A /* Util_TEXT.m in Sources */,
				97B422571820D9A600A2E9E6 /* PropertyGroupListViewController.m in Sources */,
				B721094F18277F8A00904FC7 /* BaseFixedCell.m in Sources */,
				B721095518278B4E00904FC7 /* SalePropertyListCell.m in Sources */,
				97A0F0221816227A00C31D83 /* BrokerLineView.m in Sources */,
				97DED8AD18234BB100D0B82A /* MoreListCell.m in Sources */,
				B76E5977181E5676005B6A8C /* BaseNoPlanController.m in Sources */,
				B76E5988181E5AD1005B6A8C /* BaseNoPlanListCell.m in Sources */,
				B721095818278E6000904FC7 /* RentPropertyListCell.m in Sources */,
				B721094B18277CE100904FC7 /* RentFixedDetailController.m in Sources */,
				974E5C7F181E417F000246D1 /* RTListCell.m in Sources */,
				97192EE71818FEF7007971BA /* PhotoButton.m in Sources */,
				97C97B461810DD34006E538B /* TabBarViewController.m in Sources */,
				B7EF148E18289CB7000B6016 /* RentBidDetailController.m in Sources */,
			);
			runOnlyForDeploymentPostprocessing = 0;
		};
		9741056B180CDFE1004DAE95 /* Sources */ = {
			isa = PBXSourcesBuildPhase;
			buildActionMask = 2147483647;
			files = (
				9741057E180CDFE1004DAE95 /* AnjukeBroker_NewTests.m in Sources */,
			);
			runOnlyForDeploymentPostprocessing = 0;
		};
/* End PBXSourcesBuildPhase section */

/* Begin PBXTargetDependency section */
		97410576180CDFE1004DAE95 /* PBXTargetDependency */ = {
			isa = PBXTargetDependency;
			target = 9741054E180CDFE0004DAE95 /* AnjukeBroker_New */;
			targetProxy = 97410575180CDFE1004DAE95 /* PBXContainerItemProxy */;
		};
		97AED0FF180D20340072611B /* PBXTargetDependency */ = {
			isa = PBXTargetDependency;
			name = RTCoreService;
			targetProxy = 97AED0FE180D20340072611B /* PBXContainerItemProxy */;
		};
/* End PBXTargetDependency section */

/* Begin PBXVariantGroup section */
		9741055D180CDFE0004DAE95 /* InfoPlist.strings */ = {
			isa = PBXVariantGroup;
			children = (
				9741055E180CDFE0004DAE95 /* en */,
			);
			name = InfoPlist.strings;
			sourceTree = "<group>";
		};
		9741057A180CDFE1004DAE95 /* InfoPlist.strings */ = {
			isa = PBXVariantGroup;
			children = (
				9741057B180CDFE1004DAE95 /* en */,
			);
			name = InfoPlist.strings;
			sourceTree = "<group>";
		};
/* End PBXVariantGroup section */

/* Begin XCBuildConfiguration section */
		9741057F180CDFE1004DAE95 /* Debug */ = {
			isa = XCBuildConfiguration;
			buildSettings = {
				ALWAYS_SEARCH_USER_PATHS = NO;
				ARCHS = "$(ARCHS_STANDARD_INCLUDING_64_BIT)";
				CLANG_CXX_LANGUAGE_STANDARD = "gnu++0x";
				CLANG_CXX_LIBRARY = "libc++";
				CLANG_ENABLE_MODULES = YES;
				CLANG_ENABLE_OBJC_ARC = YES;
				CLANG_WARN_BOOL_CONVERSION = YES;
				CLANG_WARN_CONSTANT_CONVERSION = YES;
				CLANG_WARN_DIRECT_OBJC_ISA_USAGE = YES_ERROR;
				CLANG_WARN_EMPTY_BODY = YES;
				CLANG_WARN_ENUM_CONVERSION = YES;
				CLANG_WARN_INT_CONVERSION = YES;
				CLANG_WARN_OBJC_ROOT_CLASS = YES_ERROR;
				CLANG_WARN__DUPLICATE_METHOD_MATCH = YES;
				"CODE_SIGN_IDENTITY[sdk=iphoneos*]" = "iPhone Developer";
				COPY_PHASE_STRIP = NO;
				GCC_C_LANGUAGE_STANDARD = gnu99;
				GCC_DYNAMIC_NO_PIC = NO;
				GCC_OPTIMIZATION_LEVEL = 0;
				GCC_PREPROCESSOR_DEFINITIONS = (
					"DEBUG=1",
					"$(inherited)",
				);
				GCC_SYMBOLS_PRIVATE_EXTERN = NO;
				GCC_WARN_64_TO_32_BIT_CONVERSION = YES;
				GCC_WARN_ABOUT_RETURN_TYPE = YES_ERROR;
				GCC_WARN_UNDECLARED_SELECTOR = YES;
				GCC_WARN_UNINITIALIZED_AUTOS = YES;
				GCC_WARN_UNUSED_FUNCTION = YES;
				GCC_WARN_UNUSED_VARIABLE = YES;
				IPHONEOS_DEPLOYMENT_TARGET = 7.0;
				ONLY_ACTIVE_ARCH = YES;
				SDKROOT = iphoneos;
			};
			name = Debug;
		};
		97410580180CDFE1004DAE95 /* Release */ = {
			isa = XCBuildConfiguration;
			buildSettings = {
				ALWAYS_SEARCH_USER_PATHS = NO;
				ARCHS = "$(ARCHS_STANDARD_INCLUDING_64_BIT)";
				CLANG_CXX_LANGUAGE_STANDARD = "gnu++0x";
				CLANG_CXX_LIBRARY = "libc++";
				CLANG_ENABLE_MODULES = YES;
				CLANG_ENABLE_OBJC_ARC = YES;
				CLANG_WARN_BOOL_CONVERSION = YES;
				CLANG_WARN_CONSTANT_CONVERSION = YES;
				CLANG_WARN_DIRECT_OBJC_ISA_USAGE = YES_ERROR;
				CLANG_WARN_EMPTY_BODY = YES;
				CLANG_WARN_ENUM_CONVERSION = YES;
				CLANG_WARN_INT_CONVERSION = YES;
				CLANG_WARN_OBJC_ROOT_CLASS = YES_ERROR;
				CLANG_WARN__DUPLICATE_METHOD_MATCH = YES;
				"CODE_SIGN_IDENTITY[sdk=iphoneos*]" = "iPhone Developer";
				COPY_PHASE_STRIP = YES;
				ENABLE_NS_ASSERTIONS = NO;
				GCC_C_LANGUAGE_STANDARD = gnu99;
				GCC_WARN_64_TO_32_BIT_CONVERSION = YES;
				GCC_WARN_ABOUT_RETURN_TYPE = YES_ERROR;
				GCC_WARN_UNDECLARED_SELECTOR = YES;
				GCC_WARN_UNINITIALIZED_AUTOS = YES;
				GCC_WARN_UNUSED_FUNCTION = YES;
				GCC_WARN_UNUSED_VARIABLE = YES;
				IPHONEOS_DEPLOYMENT_TARGET = 7.0;
				SDKROOT = iphoneos;
				VALIDATE_PRODUCT = YES;
			};
			name = Release;
		};
		97410582180CDFE1004DAE95 /* Debug */ = {
			isa = XCBuildConfiguration;
			buildSettings = {
				ARCHS = "$(ARCHS_STANDARD)";
				ASSETCATALOG_COMPILER_APPICON_NAME = AppIcon;
				ASSETCATALOG_COMPILER_LAUNCHIMAGE_NAME = LaunchImage;
				CODE_SIGN_IDENTITY = "iPhone Developer";
				"CODE_SIGN_IDENTITY[sdk=iphoneos*]" = "iPhone Developer";
				FRAMEWORK_SEARCH_PATHS = (
					"$(inherited)",
					"$(PROJECT_DIR)/../RTCoreService/RTCoreService/RT3rdSDK/TencentSDK",
				);
				GCC_PRECOMPILE_PREFIX_HEADER = YES;
				GCC_PREFIX_HEADER = "AnjukeBroker_New/AnjukeBroker_New-Prefix.pch";
				INFOPLIST_FILE = "AnjukeBroker_New/AnjukeBroker_New-Info.plist";
				IPHONEOS_DEPLOYMENT_TARGET = 7.0;
				OTHER_LDFLAGS = (
					"-ObjC",
					"-all_load",
				);
				PRODUCT_NAME = "$(TARGET_NAME)";
				PROVISIONING_PROFILE = "";
				USER_HEADER_SEARCH_PATHS = "$(PROJECT_DIR)/../RTNetwork/** $(PROJECT_DIR)/../RTApiProxy/** $(PROJECT_DIR)/../RTCoreService/**";
				WRAPPER_EXTENSION = app;
			};
			name = Debug;
		};
		97410583180CDFE1004DAE95 /* Release */ = {
			isa = XCBuildConfiguration;
			buildSettings = {
				ARCHS = "$(ARCHS_STANDARD)";
				ASSETCATALOG_COMPILER_APPICON_NAME = AppIcon;
				ASSETCATALOG_COMPILER_LAUNCHIMAGE_NAME = LaunchImage;
				CODE_SIGN_IDENTITY = "iPhone Developer";
				"CODE_SIGN_IDENTITY[sdk=iphoneos*]" = "iPhone Developer";
				FRAMEWORK_SEARCH_PATHS = (
					"$(inherited)",
					"$(PROJECT_DIR)/../RTCoreService/RTCoreService/RT3rdSDK/TencentSDK",
				);
				GCC_PRECOMPILE_PREFIX_HEADER = YES;
				GCC_PREFIX_HEADER = "AnjukeBroker_New/AnjukeBroker_New-Prefix.pch";
				INFOPLIST_FILE = "AnjukeBroker_New/AnjukeBroker_New-Info.plist";
				IPHONEOS_DEPLOYMENT_TARGET = 7.0;
				OTHER_LDFLAGS = (
					"-ObjC",
					"-all_load",
				);
				PRODUCT_NAME = "$(TARGET_NAME)";
				PROVISIONING_PROFILE = "";
				USER_HEADER_SEARCH_PATHS = "$(PROJECT_DIR)/../RTNetwork/** $(PROJECT_DIR)/../RTApiProxy/** $(PROJECT_DIR)/../RTCoreService/**";
				WRAPPER_EXTENSION = app;
			};
			name = Release;
		};
		97410585180CDFE1004DAE95 /* Debug */ = {
			isa = XCBuildConfiguration;
			buildSettings = {
				ARCHS = "$(ARCHS_STANDARD_INCLUDING_64_BIT)";
				BUNDLE_LOADER = "$(BUILT_PRODUCTS_DIR)/AnjukeBroker_New.app/AnjukeBroker_New";
				FRAMEWORK_SEARCH_PATHS = (
					"$(SDKROOT)/Developer/Library/Frameworks",
					"$(inherited)",
					"$(DEVELOPER_FRAMEWORKS_DIR)",
				);
				GCC_PRECOMPILE_PREFIX_HEADER = YES;
				GCC_PREFIX_HEADER = "AnjukeBroker_New/AnjukeBroker_New-Prefix.pch";
				GCC_PREPROCESSOR_DEFINITIONS = (
					"DEBUG=1",
					"$(inherited)",
				);
				INFOPLIST_FILE = "AnjukeBroker_NewTests/AnjukeBroker_NewTests-Info.plist";
				PRODUCT_NAME = "$(TARGET_NAME)";
				TEST_HOST = "$(BUNDLE_LOADER)";
				WRAPPER_EXTENSION = xctest;
			};
			name = Debug;
		};
		97410586180CDFE1004DAE95 /* Release */ = {
			isa = XCBuildConfiguration;
			buildSettings = {
				ARCHS = "$(ARCHS_STANDARD_INCLUDING_64_BIT)";
				BUNDLE_LOADER = "$(BUILT_PRODUCTS_DIR)/AnjukeBroker_New.app/AnjukeBroker_New";
				FRAMEWORK_SEARCH_PATHS = (
					"$(SDKROOT)/Developer/Library/Frameworks",
					"$(inherited)",
					"$(DEVELOPER_FRAMEWORKS_DIR)",
				);
				GCC_PRECOMPILE_PREFIX_HEADER = YES;
				GCC_PREFIX_HEADER = "AnjukeBroker_New/AnjukeBroker_New-Prefix.pch";
				INFOPLIST_FILE = "AnjukeBroker_NewTests/AnjukeBroker_NewTests-Info.plist";
				PRODUCT_NAME = "$(TARGET_NAME)";
				TEST_HOST = "$(BUNDLE_LOADER)";
				WRAPPER_EXTENSION = xctest;
			};
			name = Release;
		};
/* End XCBuildConfiguration section */

/* Begin XCConfigurationList section */
		9741054A180CDFE0004DAE95 /* Build configuration list for PBXProject "AnjukeBroker_New" */ = {
			isa = XCConfigurationList;
			buildConfigurations = (
				9741057F180CDFE1004DAE95 /* Debug */,
				97410580180CDFE1004DAE95 /* Release */,
			);
			defaultConfigurationIsVisible = 0;
			defaultConfigurationName = Release;
		};
		97410581180CDFE1004DAE95 /* Build configuration list for PBXNativeTarget "AnjukeBroker_New" */ = {
			isa = XCConfigurationList;
			buildConfigurations = (
				97410582180CDFE1004DAE95 /* Debug */,
				97410583180CDFE1004DAE95 /* Release */,
			);
			defaultConfigurationIsVisible = 0;
			defaultConfigurationName = Release;
		};
		97410584180CDFE1004DAE95 /* Build configuration list for PBXNativeTarget "AnjukeBroker_NewTests" */ = {
			isa = XCConfigurationList;
			buildConfigurations = (
				97410585180CDFE1004DAE95 /* Debug */,
				97410586180CDFE1004DAE95 /* Release */,
			);
			defaultConfigurationIsVisible = 0;
			defaultConfigurationName = Release;
		};
/* End XCConfigurationList section */

/* Begin XCVersionGroup section */
		97410566180CDFE0004DAE95 /* AnjukeBroker_New.xcdatamodeld */ = {
			isa = XCVersionGroup;
			children = (
				97410567180CDFE0004DAE95 /* AnjukeBroker_New.xcdatamodel */,
			);
			currentVersion = 97410567180CDFE0004DAE95 /* AnjukeBroker_New.xcdatamodel */;
			path = AnjukeBroker_New.xcdatamodeld;
			sourceTree = "<group>";
			versionGroupType = wrapper.xcdatamodel;
		};
/* End XCVersionGroup section */
	};
	rootObject = 97410547180CDFE0004DAE95 /* Project object */;
}
